// !$*UTF8*$!
{
	archiveVersion = 1;
	classes = {
	};
	objectVersion = 46;
	objects = {

/* Begin PBXBuildFile section */
		3726214415AF6829009997CC /* halo.plist in Resources */ = {isa = PBXBuildFile; fileRef = 3726214215AF6829009997CC /* halo.plist */; };
		3726214515AF6829009997CC /* halo.png in Resources */ = {isa = PBXBuildFile; fileRef = 3726214315AF6829009997CC /* halo.png */; };
		3726215A15AF87CA009997CC /* Sheep.m in Sources */ = {isa = PBXBuildFile; fileRef = 3726215915AF87CA009997CC /* Sheep.m */; };
		376F094B15AF4213001739BD /* MasterChief.m in Sources */ = {isa = PBXBuildFile; fileRef = 376F094A15AF4213001739BD /* MasterChief.m */; };
		376F094E15AF42BB001739BD /* GameObject.m in Sources */ = {isa = PBXBuildFile; fileRef = 376F094D15AF42BB001739BD /* GameObject.m */; };
		D278CB6B15AFA3FC00EDF62D /* halo.mid in Resources */ = {isa = PBXBuildFile; fileRef = D278CB6A15AFA3FC00EDF62D /* halo.mid */; };
		D278CB7015AFA59000EDF62D /* bubble-shield.mp3 in Resources */ = {isa = PBXBuildFile; fileRef = D278CB6F15AFA59000EDF62D /* bubble-shield.mp3 */; };
		D278CB7215AFA6A600EDF62D /* 24929.mp3 in Resources */ = {isa = PBXBuildFile; fileRef = D278CB7115AFA6A600EDF62D /* 24929.mp3 */; };
		D278CB7515AFAAAD00EDF62D /* BubbleShield.m in Sources */ = {isa = PBXBuildFile; fileRef = D278CB7415AFAAAD00EDF62D /* BubbleShield.m */; };
		D2D0AE2315AF343A00518707 /* QuartzCore.framework in Frameworks */ = {isa = PBXBuildFile; fileRef = D2D0AE2215AF343A00518707 /* QuartzCore.framework */; };
		D2D0AE2515AF343A00518707 /* OpenGLES.framework in Frameworks */ = {isa = PBXBuildFile; fileRef = D2D0AE2415AF343A00518707 /* OpenGLES.framework */; };
		D2D0AE2715AF343A00518707 /* OpenAL.framework in Frameworks */ = {isa = PBXBuildFile; fileRef = D2D0AE2615AF343A00518707 /* OpenAL.framework */; };
		D2D0AE2915AF343A00518707 /* AudioToolbox.framework in Frameworks */ = {isa = PBXBuildFile; fileRef = D2D0AE2815AF343A00518707 /* AudioToolbox.framework */; };
		D2D0AE2B15AF343A00518707 /* AVFoundation.framework in Frameworks */ = {isa = PBXBuildFile; fileRef = D2D0AE2A15AF343A00518707 /* AVFoundation.framework */; };
		D2D0AE2D15AF343A00518707 /* UIKit.framework in Frameworks */ = {isa = PBXBuildFile; fileRef = D2D0AE2C15AF343A00518707 /* UIKit.framework */; };
		D2D0AE2F15AF343A00518707 /* Foundation.framework in Frameworks */ = {isa = PBXBuildFile; fileRef = D2D0AE2E15AF343A00518707 /* Foundation.framework */; };
		D2D0AE3115AF343A00518707 /* CoreGraphics.framework in Frameworks */ = {isa = PBXBuildFile; fileRef = D2D0AE3015AF343A00518707 /* CoreGraphics.framework */; };
		D2D0AE3515AF343A00518707 /* Default.png in Resources */ = {isa = PBXBuildFile; fileRef = D2D0AE3415AF343A00518707 /* Default.png */; };
		D2D0AE3715AF343A00518707 /* fps_images.png in Resources */ = {isa = PBXBuildFile; fileRef = D2D0AE3615AF343A00518707 /* fps_images.png */; };
		D2D0AE3915AF343A00518707 /* Icon-72.png in Resources */ = {isa = PBXBuildFile; fileRef = D2D0AE3815AF343A00518707 /* Icon-72.png */; };
		D2D0AE3B15AF343A00518707 /* Icon-Small-50.png in Resources */ = {isa = PBXBuildFile; fileRef = D2D0AE3A15AF343A00518707 /* Icon-Small-50.png */; };
		D2D0AE3D15AF343A00518707 /* Icon-Small.png in Resources */ = {isa = PBXBuildFile; fileRef = D2D0AE3C15AF343A00518707 /* Icon-Small.png */; };
		D2D0AE3F15AF343A00518707 /* Icon-Small@2x.png in Resources */ = {isa = PBXBuildFile; fileRef = D2D0AE3E15AF343A00518707 /* Icon-Small@2x.png */; };
		D2D0AE4115AF343A00518707 /* Icon.png in Resources */ = {isa = PBXBuildFile; fileRef = D2D0AE4015AF343A00518707 /* Icon.png */; };
		D2D0AE4315AF343A00518707 /* Icon@2x.png in Resources */ = {isa = PBXBuildFile; fileRef = D2D0AE4215AF343A00518707 /* Icon@2x.png */; };
		D2D0AE4615AF343A00518707 /* iTunesArtwork in Resources */ = {isa = PBXBuildFile; fileRef = D2D0AE4515AF343A00518707 /* iTunesArtwork */; };
		D2D0AE4B15AF343A00518707 /* CCAction.m in Sources */ = {isa = PBXBuildFile; fileRef = D2D0AE4A15AF343A00518707 /* CCAction.m */; };
		D2D0AE4E15AF343A00518707 /* CCActionCamera.m in Sources */ = {isa = PBXBuildFile; fileRef = D2D0AE4D15AF343A00518707 /* CCActionCamera.m */; };
		D2D0AE5115AF343A00518707 /* CCActionEase.m in Sources */ = {isa = PBXBuildFile; fileRef = D2D0AE5015AF343A00518707 /* CCActionEase.m */; };
		D2D0AE5415AF343A00518707 /* CCActionGrid.m in Sources */ = {isa = PBXBuildFile; fileRef = D2D0AE5315AF343A00518707 /* CCActionGrid.m */; };
		D2D0AE5715AF343A00518707 /* CCActionGrid3D.m in Sources */ = {isa = PBXBuildFile; fileRef = D2D0AE5615AF343A00518707 /* CCActionGrid3D.m */; };
		D2D0AE5A15AF343A00518707 /* CCActionInstant.m in Sources */ = {isa = PBXBuildFile; fileRef = D2D0AE5915AF343A00518707 /* CCActionInstant.m */; };
		D2D0AE5D15AF343A00518707 /* CCActionInterval.m in Sources */ = {isa = PBXBuildFile; fileRef = D2D0AE5C15AF343A00518707 /* CCActionInterval.m */; };
		D2D0AE6015AF343A00518707 /* CCActionManager.m in Sources */ = {isa = PBXBuildFile; fileRef = D2D0AE5F15AF343A00518707 /* CCActionManager.m */; };
		D2D0AE6315AF343A00518707 /* CCActionPageTurn3D.m in Sources */ = {isa = PBXBuildFile; fileRef = D2D0AE6215AF343A00518707 /* CCActionPageTurn3D.m */; };
		D2D0AE6615AF343A00518707 /* CCActionProgressTimer.m in Sources */ = {isa = PBXBuildFile; fileRef = D2D0AE6515AF343A00518707 /* CCActionProgressTimer.m */; };
		D2D0AE6915AF343A00518707 /* CCActionTiledGrid.m in Sources */ = {isa = PBXBuildFile; fileRef = D2D0AE6815AF343A00518707 /* CCActionTiledGrid.m */; };
		D2D0AE6C15AF343A00518707 /* CCActionTween.m in Sources */ = {isa = PBXBuildFile; fileRef = D2D0AE6B15AF343A00518707 /* CCActionTween.m */; };
		D2D0AE6F15AF343A00518707 /* CCAnimation.m in Sources */ = {isa = PBXBuildFile; fileRef = D2D0AE6E15AF343A00518707 /* CCAnimation.m */; };
		D2D0AE7215AF343A00518707 /* CCAnimationCache.m in Sources */ = {isa = PBXBuildFile; fileRef = D2D0AE7115AF343A00518707 /* CCAnimationCache.m */; };
		D2D0AE7515AF343A00518707 /* CCAtlasNode.m in Sources */ = {isa = PBXBuildFile; fileRef = D2D0AE7415AF343A00518707 /* CCAtlasNode.m */; };
		D2D0AE7815AF343A00518707 /* CCBlockSupport.m in Sources */ = {isa = PBXBuildFile; fileRef = D2D0AE7715AF343A00518707 /* CCBlockSupport.m */; };
		D2D0AE7B15AF343A00518707 /* CCCamera.m in Sources */ = {isa = PBXBuildFile; fileRef = D2D0AE7A15AF343A00518707 /* CCCamera.m */; };
		D2D0AE7F15AF343A00518707 /* CCConfiguration.m in Sources */ = {isa = PBXBuildFile; fileRef = D2D0AE7E15AF343A00518707 /* CCConfiguration.m */; };
		D2D0AE8215AF343A00518707 /* CCDirector.m in Sources */ = {isa = PBXBuildFile; fileRef = D2D0AE8115AF343A00518707 /* CCDirector.m */; };
		D2D0AE8515AF343A00518707 /* CCDrawingPrimitives.m in Sources */ = {isa = PBXBuildFile; fileRef = D2D0AE8415AF343A00518707 /* CCDrawingPrimitives.m */; };
		D2D0AE8815AF343A00518707 /* CCGrabber.m in Sources */ = {isa = PBXBuildFile; fileRef = D2D0AE8715AF343A00518707 /* CCGrabber.m */; };
		D2D0AE8B15AF343A00518707 /* CCGrid.m in Sources */ = {isa = PBXBuildFile; fileRef = D2D0AE8A15AF343A00518707 /* CCGrid.m */; };
		D2D0AE8E15AF343A00518707 /* CCLabelAtlas.m in Sources */ = {isa = PBXBuildFile; fileRef = D2D0AE8D15AF343A00518707 /* CCLabelAtlas.m */; };
		D2D0AE9115AF343A00518707 /* CCLabelBMFont.m in Sources */ = {isa = PBXBuildFile; fileRef = D2D0AE9015AF343A00518707 /* CCLabelBMFont.m */; };
		D2D0AE9415AF343A00518707 /* CCLabelTTF.m in Sources */ = {isa = PBXBuildFile; fileRef = D2D0AE9315AF343A00518707 /* CCLabelTTF.m */; };
		D2D0AE9715AF343A00518707 /* CCLayer.m in Sources */ = {isa = PBXBuildFile; fileRef = D2D0AE9615AF343A00518707 /* CCLayer.m */; };
		D2D0AE9B15AF343A00518707 /* CCMenu.m in Sources */ = {isa = PBXBuildFile; fileRef = D2D0AE9A15AF343A00518707 /* CCMenu.m */; };
		D2D0AE9E15AF343A00518707 /* CCMenuItem.m in Sources */ = {isa = PBXBuildFile; fileRef = D2D0AE9D15AF343A00518707 /* CCMenuItem.m */; };
		D2D0AEA115AF343A00518707 /* CCMotionStreak.m in Sources */ = {isa = PBXBuildFile; fileRef = D2D0AEA015AF343A00518707 /* CCMotionStreak.m */; };
		D2D0AEA415AF343A00518707 /* CCNode.m in Sources */ = {isa = PBXBuildFile; fileRef = D2D0AEA315AF343A00518707 /* CCNode.m */; };
		D2D0AEA715AF343A00518707 /* CCParallaxNode.m in Sources */ = {isa = PBXBuildFile; fileRef = D2D0AEA615AF343A00518707 /* CCParallaxNode.m */; };
		D2D0AEAA15AF343A00518707 /* CCParticleExamples.m in Sources */ = {isa = PBXBuildFile; fileRef = D2D0AEA915AF343A00518707 /* CCParticleExamples.m */; };
		D2D0AEAD15AF343A00518707 /* CCParticleSystem.m in Sources */ = {isa = PBXBuildFile; fileRef = D2D0AEAC15AF343A00518707 /* CCParticleSystem.m */; };
		D2D0AEB015AF343A00518707 /* CCParticleSystemPoint.m in Sources */ = {isa = PBXBuildFile; fileRef = D2D0AEAF15AF343A00518707 /* CCParticleSystemPoint.m */; };
		D2D0AEB315AF343A00518707 /* CCParticleSystemQuad.m in Sources */ = {isa = PBXBuildFile; fileRef = D2D0AEB215AF343A00518707 /* CCParticleSystemQuad.m */; };
		D2D0AEB615AF343A00518707 /* CCProgressTimer.m in Sources */ = {isa = PBXBuildFile; fileRef = D2D0AEB515AF343A00518707 /* CCProgressTimer.m */; };
		D2D0AEBA15AF343A00518707 /* CCRenderTexture.m in Sources */ = {isa = PBXBuildFile; fileRef = D2D0AEB915AF343A00518707 /* CCRenderTexture.m */; };
		D2D0AEBD15AF343A00518707 /* CCRibbon.m in Sources */ = {isa = PBXBuildFile; fileRef = D2D0AEBC15AF343A00518707 /* CCRibbon.m */; };
		D2D0AEC015AF343A00518707 /* CCScene.m in Sources */ = {isa = PBXBuildFile; fileRef = D2D0AEBF15AF343A00518707 /* CCScene.m */; };
		D2D0AEC315AF343B00518707 /* CCScheduler.m in Sources */ = {isa = PBXBuildFile; fileRef = D2D0AEC215AF343B00518707 /* CCScheduler.m */; };
		D2D0AEC615AF343B00518707 /* CCSprite.m in Sources */ = {isa = PBXBuildFile; fileRef = D2D0AEC515AF343B00518707 /* CCSprite.m */; };
		D2D0AEC915AF343B00518707 /* CCSpriteBatchNode.m in Sources */ = {isa = PBXBuildFile; fileRef = D2D0AEC815AF343B00518707 /* CCSpriteBatchNode.m */; };
		D2D0AECC15AF343B00518707 /* CCSpriteFrame.m in Sources */ = {isa = PBXBuildFile; fileRef = D2D0AECB15AF343B00518707 /* CCSpriteFrame.m */; };
		D2D0AECF15AF343B00518707 /* CCSpriteFrameCache.m in Sources */ = {isa = PBXBuildFile; fileRef = D2D0AECE15AF343B00518707 /* CCSpriteFrameCache.m */; };
		D2D0AED215AF343B00518707 /* CCTexture2D.m in Sources */ = {isa = PBXBuildFile; fileRef = D2D0AED115AF343B00518707 /* CCTexture2D.m */; };
		D2D0AED515AF343B00518707 /* CCTextureAtlas.m in Sources */ = {isa = PBXBuildFile; fileRef = D2D0AED415AF343B00518707 /* CCTextureAtlas.m */; };
		D2D0AED815AF343B00518707 /* CCTextureCache.m in Sources */ = {isa = PBXBuildFile; fileRef = D2D0AED715AF343B00518707 /* CCTextureCache.m */; };
		D2D0AEDB15AF343B00518707 /* CCTexturePVR.m in Sources */ = {isa = PBXBuildFile; fileRef = D2D0AEDA15AF343B00518707 /* CCTexturePVR.m */; };
		D2D0AEDE15AF343B00518707 /* CCTileMapAtlas.m in Sources */ = {isa = PBXBuildFile; fileRef = D2D0AEDD15AF343B00518707 /* CCTileMapAtlas.m */; };
		D2D0AEE115AF343B00518707 /* CCTMXLayer.m in Sources */ = {isa = PBXBuildFile; fileRef = D2D0AEE015AF343B00518707 /* CCTMXLayer.m */; };
		D2D0AEE415AF343B00518707 /* CCTMXObjectGroup.m in Sources */ = {isa = PBXBuildFile; fileRef = D2D0AEE315AF343B00518707 /* CCTMXObjectGroup.m */; };
		D2D0AEE715AF343B00518707 /* CCTMXTiledMap.m in Sources */ = {isa = PBXBuildFile; fileRef = D2D0AEE615AF343B00518707 /* CCTMXTiledMap.m */; };
		D2D0AEEA15AF343B00518707 /* CCTMXXMLParser.m in Sources */ = {isa = PBXBuildFile; fileRef = D2D0AEE915AF343B00518707 /* CCTMXXMLParser.m */; };
		D2D0AEED15AF343B00518707 /* CCTransition.m in Sources */ = {isa = PBXBuildFile; fileRef = D2D0AEEC15AF343B00518707 /* CCTransition.m */; };
		D2D0AEF015AF343B00518707 /* CCTransitionPageTurn.m in Sources */ = {isa = PBXBuildFile; fileRef = D2D0AEEF15AF343B00518707 /* CCTransitionPageTurn.m */; };
		D2D0AEF315AF343B00518707 /* CCTransitionRadial.m in Sources */ = {isa = PBXBuildFile; fileRef = D2D0AEF215AF343B00518707 /* CCTransitionRadial.m */; };
		D2D0AEF715AF343B00518707 /* cocos2d.m in Sources */ = {isa = PBXBuildFile; fileRef = D2D0AEF615AF343B00518707 /* cocos2d.m */; };
		D2D0AEFE15AF343B00518707 /* CCDirectorIOS.m in Sources */ = {isa = PBXBuildFile; fileRef = D2D0AEFD15AF343B00518707 /* CCDirectorIOS.m */; };
		D2D0AF0215AF343B00518707 /* CCTouchDispatcher.m in Sources */ = {isa = PBXBuildFile; fileRef = D2D0AF0115AF343B00518707 /* CCTouchDispatcher.m */; };
		D2D0AF0515AF343B00518707 /* CCTouchHandler.m in Sources */ = {isa = PBXBuildFile; fileRef = D2D0AF0415AF343B00518707 /* CCTouchHandler.m */; };
		D2D0AF0815AF343B00518707 /* EAGLView.m in Sources */ = {isa = PBXBuildFile; fileRef = D2D0AF0715AF343B00518707 /* EAGLView.m */; };
		D2D0AF0B15AF343B00518707 /* ES1Renderer.m in Sources */ = {isa = PBXBuildFile; fileRef = D2D0AF0A15AF343B00518707 /* ES1Renderer.m */; };
		D2D0AF0E15AF343B00518707 /* glu.c in Sources */ = {isa = PBXBuildFile; fileRef = D2D0AF0D15AF343B00518707 /* glu.c */; };
		D2D0AF1315AF343B00518707 /* CCDirectorMac.m in Sources */ = {isa = PBXBuildFile; fileRef = D2D0AF1215AF343B00518707 /* CCDirectorMac.m */; };
		D2D0AF1615AF343B00518707 /* CCEventDispatcher.m in Sources */ = {isa = PBXBuildFile; fileRef = D2D0AF1515AF343B00518707 /* CCEventDispatcher.m */; };
		D2D0AF1915AF343B00518707 /* MacGLView.m in Sources */ = {isa = PBXBuildFile; fileRef = D2D0AF1815AF343B00518707 /* MacGLView.m */; };
		D2D0AF1C15AF343B00518707 /* MacWindow.m in Sources */ = {isa = PBXBuildFile; fileRef = D2D0AF1B15AF343B00518707 /* MacWindow.m */; };
		D2D0AF1F15AF343B00518707 /* base64.c in Sources */ = {isa = PBXBuildFile; fileRef = D2D0AF1E15AF343B00518707 /* base64.c */; };
		D2D0AF2315AF343B00518707 /* CCArray.m in Sources */ = {isa = PBXBuildFile; fileRef = D2D0AF2215AF343B00518707 /* CCArray.m */; };
		D2D0AF2715AF343B00518707 /* CCFileUtils.m in Sources */ = {isa = PBXBuildFile; fileRef = D2D0AF2615AF343B00518707 /* CCFileUtils.m */; };
		D2D0AF2A15AF343B00518707 /* CCProfiling.m in Sources */ = {isa = PBXBuildFile; fileRef = D2D0AF2915AF343B00518707 /* CCProfiling.m */; };
		D2D0AF2C15AF343B00518707 /* ccUtils.c in Sources */ = {isa = PBXBuildFile; fileRef = D2D0AF2B15AF343B00518707 /* ccUtils.c */; };
		D2D0AF3015AF343B00518707 /* CGPointExtension.m in Sources */ = {isa = PBXBuildFile; fileRef = D2D0AF2F15AF343B00518707 /* CGPointExtension.m */; };
		D2D0AF3415AF343B00518707 /* TGAlib.m in Sources */ = {isa = PBXBuildFile; fileRef = D2D0AF3315AF343B00518707 /* TGAlib.m */; };
		D2D0AF3715AF343B00518707 /* TransformUtils.m in Sources */ = {isa = PBXBuildFile; fileRef = D2D0AF3615AF343B00518707 /* TransformUtils.m */; };
		D2D0AF3C15AF343B00518707 /* ZipUtils.m in Sources */ = {isa = PBXBuildFile; fileRef = D2D0AF3B15AF343B00518707 /* ZipUtils.m */; };
		D2D0AF4115AF343B00518707 /* CDAudioManager.m in Sources */ = {isa = PBXBuildFile; fileRef = D2D0AF4015AF343B00518707 /* CDAudioManager.m */; };
		D2D0AF4515AF343B00518707 /* CDOpenALSupport.m in Sources */ = {isa = PBXBuildFile; fileRef = D2D0AF4415AF343B00518707 /* CDOpenALSupport.m */; };
		D2D0AF4815AF343B00518707 /* CocosDenshion.m in Sources */ = {isa = PBXBuildFile; fileRef = D2D0AF4715AF343B00518707 /* CocosDenshion.m */; };
		D2D0AF4B15AF343B00518707 /* SimpleAudioEngine.m in Sources */ = {isa = PBXBuildFile; fileRef = D2D0AF4A15AF343B00518707 /* SimpleAudioEngine.m */; };
		D2D0AF5015AF343B00518707 /* CLScoreServerPost.m in Sources */ = {isa = PBXBuildFile; fileRef = D2D0AF4F15AF343B00518707 /* CLScoreServerPost.m */; };
		D2D0AF5315AF343B00518707 /* CLScoreServerRequest.m in Sources */ = {isa = PBXBuildFile; fileRef = D2D0AF5215AF343B00518707 /* CLScoreServerRequest.m */; };
		D2D0AF5615AF343B00518707 /* cocoslive.m in Sources */ = {isa = PBXBuildFile; fileRef = D2D0AF5515AF343B00518707 /* cocoslive.m */; };
		D2D0AF5B15AF343B00518707 /* CDataScanner.m in Sources */ = {isa = PBXBuildFile; fileRef = D2D0AF5A15AF343B00518707 /* CDataScanner.m */; };
		D2D0AF5F15AF343C00518707 /* CDataScanner_Extensions.m in Sources */ = {isa = PBXBuildFile; fileRef = D2D0AF5E15AF343C00518707 /* CDataScanner_Extensions.m */; };
		D2D0AF6215AF343C00518707 /* NSDictionary_JSONExtensions.m in Sources */ = {isa = PBXBuildFile; fileRef = D2D0AF6115AF343C00518707 /* NSDictionary_JSONExtensions.m */; };
		D2D0AF6615AF343C00518707 /* CJSONDeserializer.m in Sources */ = {isa = PBXBuildFile; fileRef = D2D0AF6515AF343C00518707 /* CJSONDeserializer.m */; };
		D2D0AF6915AF343C00518707 /* CJSONScanner.m in Sources */ = {isa = PBXBuildFile; fileRef = D2D0AF6815AF343C00518707 /* CJSONScanner.m */; };
		D2D0AF6C15AF343C00518707 /* CJSONSerializer.m in Sources */ = {isa = PBXBuildFile; fileRef = D2D0AF6B15AF343C00518707 /* CJSONSerializer.m */; };
		D2D0AF7115AF343C00518707 /* FontLabel.m in Sources */ = {isa = PBXBuildFile; fileRef = D2D0AF7015AF343C00518707 /* FontLabel.m */; };
		D2D0AF7415AF343C00518707 /* FontLabelStringDrawing.m in Sources */ = {isa = PBXBuildFile; fileRef = D2D0AF7315AF343C00518707 /* FontLabelStringDrawing.m */; };
		D2D0AF7715AF343C00518707 /* FontManager.m in Sources */ = {isa = PBXBuildFile; fileRef = D2D0AF7615AF343C00518707 /* FontManager.m */; };
		D2D0AF7A15AF343C00518707 /* ZAttributedString.m in Sources */ = {isa = PBXBuildFile; fileRef = D2D0AF7915AF343C00518707 /* ZAttributedString.m */; };
		D2D0AF7E15AF343C00518707 /* ZFont.m in Sources */ = {isa = PBXBuildFile; fileRef = D2D0AF7D15AF343C00518707 /* ZFont.m */; };
		D2D0AF8315AF343C00518707 /* main.m in Sources */ = {isa = PBXBuildFile; fileRef = D2D0AF8215AF343C00518707 /* main.m */; };
		D2D0AF8615AF343C00518707 /* AppDelegate.m in Sources */ = {isa = PBXBuildFile; fileRef = D2D0AF8515AF343C00518707 /* AppDelegate.m */; };
		D2D0AF8915AF343C00518707 /* RootViewController.m in Sources */ = {isa = PBXBuildFile; fileRef = D2D0AF8815AF343C00518707 /* RootViewController.m */; };
		D2D0AF8C15AF343C00518707 /* HelloWorldLayer.m in Sources */ = {isa = PBXBuildFile; fileRef = D2D0AF8B15AF343C00518707 /* HelloWorldLayer.m */; };
/* End PBXBuildFile section */

/* Begin PBXFileReference section */
		3726214215AF6829009997CC /* halo.plist */ = {isa = PBXFileReference; fileEncoding = 4; lastKnownFileType = text.plist.xml; name = halo.plist; path = Resources/halo.plist; sourceTree = "<group>"; };
		3726214315AF6829009997CC /* halo.png */ = {isa = PBXFileReference; lastKnownFileType = image.png; name = halo.png; path = Resources/halo.png; sourceTree = "<group>"; };
		3726215815AF87CA009997CC /* Sheep.h */ = {isa = PBXFileReference; fileEncoding = 4; lastKnownFileType = sourcecode.c.h; path = Sheep.h; sourceTree = "<group>"; };
		3726215915AF87CA009997CC /* Sheep.m */ = {isa = PBXFileReference; fileEncoding = 4; lastKnownFileType = sourcecode.c.objc; path = Sheep.m; sourceTree = "<group>"; };
		376F094915AF4213001739BD /* MasterChief.h */ = {isa = PBXFileReference; fileEncoding = 4; lastKnownFileType = sourcecode.c.h; path = MasterChief.h; sourceTree = "<group>"; };
		376F094A15AF4213001739BD /* MasterChief.m */ = {isa = PBXFileReference; fileEncoding = 4; lastKnownFileType = sourcecode.c.objc; path = MasterChief.m; sourceTree = "<group>"; };
		376F094C15AF42BB001739BD /* GameObject.h */ = {isa = PBXFileReference; fileEncoding = 4; lastKnownFileType = sourcecode.c.h; path = GameObject.h; sourceTree = "<group>"; };
		376F094D15AF42BB001739BD /* GameObject.m */ = {isa = PBXFileReference; fileEncoding = 4; lastKnownFileType = sourcecode.c.objc; path = GameObject.m; sourceTree = "<group>"; };
		D278CB6A15AFA3FC00EDF62D /* halo.mid */ = {isa = PBXFileReference; lastKnownFileType = audio.midi; path = halo.mid; sourceTree = "<group>"; };
		D278CB6F15AFA59000EDF62D /* bubble-shield.mp3 */ = {isa = PBXFileReference; lastKnownFileType = audio.mp3; path = "bubble-shield.mp3"; sourceTree = "<group>"; };
		D278CB7115AFA6A600EDF62D /* 24929.mp3 */ = {isa = PBXFileReference; lastKnownFileType = audio.mp3; path = 24929.mp3; sourceTree = "<group>"; };
		D278CB7315AFAAAD00EDF62D /* BubbleShield.h */ = {isa = PBXFileReference; fileEncoding = 4; lastKnownFileType = sourcecode.c.h; path = BubbleShield.h; sourceTree = "<group>"; };
		D278CB7415AFAAAD00EDF62D /* BubbleShield.m */ = {isa = PBXFileReference; fileEncoding = 4; lastKnownFileType = sourcecode.c.objc; path = BubbleShield.m; sourceTree = "<group>"; };
		D2D0AE1E15AF343A00518707 /* Halo:Wales.app */ = {isa = PBXFileReference; explicitFileType = wrapper.application; includeInIndex = 0; path = "Halo:Wales.app"; sourceTree = BUILT_PRODUCTS_DIR; };
		D2D0AE2215AF343A00518707 /* QuartzCore.framework */ = {isa = PBXFileReference; lastKnownFileType = wrapper.framework; name = QuartzCore.framework; path = System/Library/Frameworks/QuartzCore.framework; sourceTree = SDKROOT; };
		D2D0AE2415AF343A00518707 /* OpenGLES.framework */ = {isa = PBXFileReference; lastKnownFileType = wrapper.framework; name = OpenGLES.framework; path = System/Library/Frameworks/OpenGLES.framework; sourceTree = SDKROOT; };
		D2D0AE2615AF343A00518707 /* OpenAL.framework */ = {isa = PBXFileReference; lastKnownFileType = wrapper.framework; name = OpenAL.framework; path = System/Library/Frameworks/OpenAL.framework; sourceTree = SDKROOT; };
		D2D0AE2815AF343A00518707 /* AudioToolbox.framework */ = {isa = PBXFileReference; lastKnownFileType = wrapper.framework; name = AudioToolbox.framework; path = System/Library/Frameworks/AudioToolbox.framework; sourceTree = SDKROOT; };
		D2D0AE2A15AF343A00518707 /* AVFoundation.framework */ = {isa = PBXFileReference; lastKnownFileType = wrapper.framework; name = AVFoundation.framework; path = System/Library/Frameworks/AVFoundation.framework; sourceTree = SDKROOT; };
		D2D0AE2C15AF343A00518707 /* UIKit.framework */ = {isa = PBXFileReference; lastKnownFileType = wrapper.framework; name = UIKit.framework; path = System/Library/Frameworks/UIKit.framework; sourceTree = SDKROOT; };
		D2D0AE2E15AF343A00518707 /* Foundation.framework */ = {isa = PBXFileReference; lastKnownFileType = wrapper.framework; name = Foundation.framework; path = System/Library/Frameworks/Foundation.framework; sourceTree = SDKROOT; };
		D2D0AE3015AF343A00518707 /* CoreGraphics.framework */ = {isa = PBXFileReference; lastKnownFileType = wrapper.framework; name = CoreGraphics.framework; path = System/Library/Frameworks/CoreGraphics.framework; sourceTree = SDKROOT; };
		D2D0AE3415AF343A00518707 /* Default.png */ = {isa = PBXFileReference; lastKnownFileType = image.png; name = Default.png; path = Resources/Default.png; sourceTree = "<group>"; };
		D2D0AE3615AF343A00518707 /* fps_images.png */ = {isa = PBXFileReference; lastKnownFileType = image.png; name = fps_images.png; path = Resources/fps_images.png; sourceTree = "<group>"; };
		D2D0AE3815AF343A00518707 /* Icon-72.png */ = {isa = PBXFileReference; lastKnownFileType = image.png; name = "Icon-72.png"; path = "Resources/Icon-72.png"; sourceTree = "<group>"; };
		D2D0AE3A15AF343A00518707 /* Icon-Small-50.png */ = {isa = PBXFileReference; lastKnownFileType = image.png; name = "Icon-Small-50.png"; path = "Resources/Icon-Small-50.png"; sourceTree = "<group>"; };
		D2D0AE3C15AF343A00518707 /* Icon-Small.png */ = {isa = PBXFileReference; lastKnownFileType = image.png; name = "Icon-Small.png"; path = "Resources/Icon-Small.png"; sourceTree = "<group>"; };
		D2D0AE3E15AF343A00518707 /* Icon-Small@2x.png */ = {isa = PBXFileReference; lastKnownFileType = image.png; name = "Icon-Small@2x.png"; path = "Resources/Icon-Small@2x.png"; sourceTree = "<group>"; };
		D2D0AE4015AF343A00518707 /* Icon.png */ = {isa = PBXFileReference; lastKnownFileType = image.png; name = Icon.png; path = Resources/Icon.png; sourceTree = "<group>"; };
		D2D0AE4215AF343A00518707 /* Icon@2x.png */ = {isa = PBXFileReference; lastKnownFileType = image.png; name = "Icon@2x.png"; path = "Resources/Icon@2x.png"; sourceTree = "<group>"; };
		D2D0AE4415AF343A00518707 /* Info.plist */ = {isa = PBXFileReference; lastKnownFileType = text.plist.xml; name = Info.plist; path = Resources/Info.plist; sourceTree = "<group>"; };
		D2D0AE4515AF343A00518707 /* iTunesArtwork */ = {isa = PBXFileReference; lastKnownFileType = file; name = iTunesArtwork; path = Resources/iTunesArtwork; sourceTree = "<group>"; };
		D2D0AE4915AF343A00518707 /* CCAction.h */ = {isa = PBXFileReference; lastKnownFileType = sourcecode.c.h; name = CCAction.h; path = libs/cocos2d/CCAction.h; sourceTree = "<group>"; };
		D2D0AE4A15AF343A00518707 /* CCAction.m */ = {isa = PBXFileReference; lastKnownFileType = sourcecode.c.objc; name = CCAction.m; path = libs/cocos2d/CCAction.m; sourceTree = "<group>"; };
		D2D0AE4C15AF343A00518707 /* CCActionCamera.h */ = {isa = PBXFileReference; lastKnownFileType = sourcecode.c.h; name = CCActionCamera.h; path = libs/cocos2d/CCActionCamera.h; sourceTree = "<group>"; };
		D2D0AE4D15AF343A00518707 /* CCActionCamera.m */ = {isa = PBXFileReference; lastKnownFileType = sourcecode.c.objc; name = CCActionCamera.m; path = libs/cocos2d/CCActionCamera.m; sourceTree = "<group>"; };
		D2D0AE4F15AF343A00518707 /* CCActionEase.h */ = {isa = PBXFileReference; lastKnownFileType = sourcecode.c.h; name = CCActionEase.h; path = libs/cocos2d/CCActionEase.h; sourceTree = "<group>"; };
		D2D0AE5015AF343A00518707 /* CCActionEase.m */ = {isa = PBXFileReference; lastKnownFileType = sourcecode.c.objc; name = CCActionEase.m; path = libs/cocos2d/CCActionEase.m; sourceTree = "<group>"; };
		D2D0AE5215AF343A00518707 /* CCActionGrid.h */ = {isa = PBXFileReference; lastKnownFileType = sourcecode.c.h; name = CCActionGrid.h; path = libs/cocos2d/CCActionGrid.h; sourceTree = "<group>"; };
		D2D0AE5315AF343A00518707 /* CCActionGrid.m */ = {isa = PBXFileReference; lastKnownFileType = sourcecode.c.objc; name = CCActionGrid.m; path = libs/cocos2d/CCActionGrid.m; sourceTree = "<group>"; };
		D2D0AE5515AF343A00518707 /* CCActionGrid3D.h */ = {isa = PBXFileReference; lastKnownFileType = sourcecode.c.h; name = CCActionGrid3D.h; path = libs/cocos2d/CCActionGrid3D.h; sourceTree = "<group>"; };
		D2D0AE5615AF343A00518707 /* CCActionGrid3D.m */ = {isa = PBXFileReference; lastKnownFileType = sourcecode.c.objc; name = CCActionGrid3D.m; path = libs/cocos2d/CCActionGrid3D.m; sourceTree = "<group>"; };
		D2D0AE5815AF343A00518707 /* CCActionInstant.h */ = {isa = PBXFileReference; lastKnownFileType = sourcecode.c.h; name = CCActionInstant.h; path = libs/cocos2d/CCActionInstant.h; sourceTree = "<group>"; };
		D2D0AE5915AF343A00518707 /* CCActionInstant.m */ = {isa = PBXFileReference; lastKnownFileType = sourcecode.c.objc; name = CCActionInstant.m; path = libs/cocos2d/CCActionInstant.m; sourceTree = "<group>"; };
		D2D0AE5B15AF343A00518707 /* CCActionInterval.h */ = {isa = PBXFileReference; lastKnownFileType = sourcecode.c.h; name = CCActionInterval.h; path = libs/cocos2d/CCActionInterval.h; sourceTree = "<group>"; };
		D2D0AE5C15AF343A00518707 /* CCActionInterval.m */ = {isa = PBXFileReference; lastKnownFileType = sourcecode.c.objc; name = CCActionInterval.m; path = libs/cocos2d/CCActionInterval.m; sourceTree = "<group>"; };
		D2D0AE5E15AF343A00518707 /* CCActionManager.h */ = {isa = PBXFileReference; lastKnownFileType = sourcecode.c.h; name = CCActionManager.h; path = libs/cocos2d/CCActionManager.h; sourceTree = "<group>"; };
		D2D0AE5F15AF343A00518707 /* CCActionManager.m */ = {isa = PBXFileReference; lastKnownFileType = sourcecode.c.objc; name = CCActionManager.m; path = libs/cocos2d/CCActionManager.m; sourceTree = "<group>"; };
		D2D0AE6115AF343A00518707 /* CCActionPageTurn3D.h */ = {isa = PBXFileReference; lastKnownFileType = sourcecode.c.h; name = CCActionPageTurn3D.h; path = libs/cocos2d/CCActionPageTurn3D.h; sourceTree = "<group>"; };
		D2D0AE6215AF343A00518707 /* CCActionPageTurn3D.m */ = {isa = PBXFileReference; lastKnownFileType = sourcecode.c.objc; name = CCActionPageTurn3D.m; path = libs/cocos2d/CCActionPageTurn3D.m; sourceTree = "<group>"; };
		D2D0AE6415AF343A00518707 /* CCActionProgressTimer.h */ = {isa = PBXFileReference; lastKnownFileType = sourcecode.c.h; name = CCActionProgressTimer.h; path = libs/cocos2d/CCActionProgressTimer.h; sourceTree = "<group>"; };
		D2D0AE6515AF343A00518707 /* CCActionProgressTimer.m */ = {isa = PBXFileReference; lastKnownFileType = sourcecode.c.objc; name = CCActionProgressTimer.m; path = libs/cocos2d/CCActionProgressTimer.m; sourceTree = "<group>"; };
		D2D0AE6715AF343A00518707 /* CCActionTiledGrid.h */ = {isa = PBXFileReference; lastKnownFileType = sourcecode.c.h; name = CCActionTiledGrid.h; path = libs/cocos2d/CCActionTiledGrid.h; sourceTree = "<group>"; };
		D2D0AE6815AF343A00518707 /* CCActionTiledGrid.m */ = {isa = PBXFileReference; lastKnownFileType = sourcecode.c.objc; name = CCActionTiledGrid.m; path = libs/cocos2d/CCActionTiledGrid.m; sourceTree = "<group>"; };
		D2D0AE6A15AF343A00518707 /* CCActionTween.h */ = {isa = PBXFileReference; lastKnownFileType = sourcecode.c.h; name = CCActionTween.h; path = libs/cocos2d/CCActionTween.h; sourceTree = "<group>"; };
		D2D0AE6B15AF343A00518707 /* CCActionTween.m */ = {isa = PBXFileReference; lastKnownFileType = sourcecode.c.objc; name = CCActionTween.m; path = libs/cocos2d/CCActionTween.m; sourceTree = "<group>"; };
		D2D0AE6D15AF343A00518707 /* CCAnimation.h */ = {isa = PBXFileReference; lastKnownFileType = sourcecode.c.h; name = CCAnimation.h; path = libs/cocos2d/CCAnimation.h; sourceTree = "<group>"; };
		D2D0AE6E15AF343A00518707 /* CCAnimation.m */ = {isa = PBXFileReference; lastKnownFileType = sourcecode.c.objc; name = CCAnimation.m; path = libs/cocos2d/CCAnimation.m; sourceTree = "<group>"; };
		D2D0AE7015AF343A00518707 /* CCAnimationCache.h */ = {isa = PBXFileReference; lastKnownFileType = sourcecode.c.h; name = CCAnimationCache.h; path = libs/cocos2d/CCAnimationCache.h; sourceTree = "<group>"; };
		D2D0AE7115AF343A00518707 /* CCAnimationCache.m */ = {isa = PBXFileReference; lastKnownFileType = sourcecode.c.objc; name = CCAnimationCache.m; path = libs/cocos2d/CCAnimationCache.m; sourceTree = "<group>"; };
		D2D0AE7315AF343A00518707 /* CCAtlasNode.h */ = {isa = PBXFileReference; lastKnownFileType = sourcecode.c.h; name = CCAtlasNode.h; path = libs/cocos2d/CCAtlasNode.h; sourceTree = "<group>"; };
		D2D0AE7415AF343A00518707 /* CCAtlasNode.m */ = {isa = PBXFileReference; lastKnownFileType = sourcecode.c.objc; name = CCAtlasNode.m; path = libs/cocos2d/CCAtlasNode.m; sourceTree = "<group>"; };
		D2D0AE7615AF343A00518707 /* CCBlockSupport.h */ = {isa = PBXFileReference; lastKnownFileType = sourcecode.c.h; name = CCBlockSupport.h; path = libs/cocos2d/CCBlockSupport.h; sourceTree = "<group>"; };
		D2D0AE7715AF343A00518707 /* CCBlockSupport.m */ = {isa = PBXFileReference; lastKnownFileType = sourcecode.c.objc; name = CCBlockSupport.m; path = libs/cocos2d/CCBlockSupport.m; sourceTree = "<group>"; };
		D2D0AE7915AF343A00518707 /* CCCamera.h */ = {isa = PBXFileReference; lastKnownFileType = sourcecode.c.h; name = CCCamera.h; path = libs/cocos2d/CCCamera.h; sourceTree = "<group>"; };
		D2D0AE7A15AF343A00518707 /* CCCamera.m */ = {isa = PBXFileReference; lastKnownFileType = sourcecode.c.objc; name = CCCamera.m; path = libs/cocos2d/CCCamera.m; sourceTree = "<group>"; };
		D2D0AE7C15AF343A00518707 /* ccConfig.h */ = {isa = PBXFileReference; lastKnownFileType = sourcecode.c.h; name = ccConfig.h; path = libs/cocos2d/ccConfig.h; sourceTree = "<group>"; };
		D2D0AE7D15AF343A00518707 /* CCConfiguration.h */ = {isa = PBXFileReference; lastKnownFileType = sourcecode.c.h; name = CCConfiguration.h; path = libs/cocos2d/CCConfiguration.h; sourceTree = "<group>"; };
		D2D0AE7E15AF343A00518707 /* CCConfiguration.m */ = {isa = PBXFileReference; lastKnownFileType = sourcecode.c.objc; name = CCConfiguration.m; path = libs/cocos2d/CCConfiguration.m; sourceTree = "<group>"; };
		D2D0AE8015AF343A00518707 /* CCDirector.h */ = {isa = PBXFileReference; lastKnownFileType = sourcecode.c.h; name = CCDirector.h; path = libs/cocos2d/CCDirector.h; sourceTree = "<group>"; };
		D2D0AE8115AF343A00518707 /* CCDirector.m */ = {isa = PBXFileReference; lastKnownFileType = sourcecode.c.objc; name = CCDirector.m; path = libs/cocos2d/CCDirector.m; sourceTree = "<group>"; };
		D2D0AE8315AF343A00518707 /* CCDrawingPrimitives.h */ = {isa = PBXFileReference; lastKnownFileType = sourcecode.c.h; name = CCDrawingPrimitives.h; path = libs/cocos2d/CCDrawingPrimitives.h; sourceTree = "<group>"; };
		D2D0AE8415AF343A00518707 /* CCDrawingPrimitives.m */ = {isa = PBXFileReference; lastKnownFileType = sourcecode.c.objc; name = CCDrawingPrimitives.m; path = libs/cocos2d/CCDrawingPrimitives.m; sourceTree = "<group>"; };
		D2D0AE8615AF343A00518707 /* CCGrabber.h */ = {isa = PBXFileReference; lastKnownFileType = sourcecode.c.h; name = CCGrabber.h; path = libs/cocos2d/CCGrabber.h; sourceTree = "<group>"; };
		D2D0AE8715AF343A00518707 /* CCGrabber.m */ = {isa = PBXFileReference; lastKnownFileType = sourcecode.c.objc; name = CCGrabber.m; path = libs/cocos2d/CCGrabber.m; sourceTree = "<group>"; };
		D2D0AE8915AF343A00518707 /* CCGrid.h */ = {isa = PBXFileReference; lastKnownFileType = sourcecode.c.h; name = CCGrid.h; path = libs/cocos2d/CCGrid.h; sourceTree = "<group>"; };
		D2D0AE8A15AF343A00518707 /* CCGrid.m */ = {isa = PBXFileReference; lastKnownFileType = sourcecode.c.objc; name = CCGrid.m; path = libs/cocos2d/CCGrid.m; sourceTree = "<group>"; };
		D2D0AE8C15AF343A00518707 /* CCLabelAtlas.h */ = {isa = PBXFileReference; lastKnownFileType = sourcecode.c.h; name = CCLabelAtlas.h; path = libs/cocos2d/CCLabelAtlas.h; sourceTree = "<group>"; };
		D2D0AE8D15AF343A00518707 /* CCLabelAtlas.m */ = {isa = PBXFileReference; lastKnownFileType = sourcecode.c.objc; name = CCLabelAtlas.m; path = libs/cocos2d/CCLabelAtlas.m; sourceTree = "<group>"; };
		D2D0AE8F15AF343A00518707 /* CCLabelBMFont.h */ = {isa = PBXFileReference; lastKnownFileType = sourcecode.c.h; name = CCLabelBMFont.h; path = libs/cocos2d/CCLabelBMFont.h; sourceTree = "<group>"; };
		D2D0AE9015AF343A00518707 /* CCLabelBMFont.m */ = {isa = PBXFileReference; lastKnownFileType = sourcecode.c.objc; name = CCLabelBMFont.m; path = libs/cocos2d/CCLabelBMFont.m; sourceTree = "<group>"; };
		D2D0AE9215AF343A00518707 /* CCLabelTTF.h */ = {isa = PBXFileReference; lastKnownFileType = sourcecode.c.h; name = CCLabelTTF.h; path = libs/cocos2d/CCLabelTTF.h; sourceTree = "<group>"; };
		D2D0AE9315AF343A00518707 /* CCLabelTTF.m */ = {isa = PBXFileReference; lastKnownFileType = sourcecode.c.objc; name = CCLabelTTF.m; path = libs/cocos2d/CCLabelTTF.m; sourceTree = "<group>"; };
		D2D0AE9515AF343A00518707 /* CCLayer.h */ = {isa = PBXFileReference; lastKnownFileType = sourcecode.c.h; name = CCLayer.h; path = libs/cocos2d/CCLayer.h; sourceTree = "<group>"; };
		D2D0AE9615AF343A00518707 /* CCLayer.m */ = {isa = PBXFileReference; lastKnownFileType = sourcecode.c.objc; name = CCLayer.m; path = libs/cocos2d/CCLayer.m; sourceTree = "<group>"; };
		D2D0AE9815AF343A00518707 /* ccMacros.h */ = {isa = PBXFileReference; lastKnownFileType = sourcecode.c.h; name = ccMacros.h; path = libs/cocos2d/ccMacros.h; sourceTree = "<group>"; };
		D2D0AE9915AF343A00518707 /* CCMenu.h */ = {isa = PBXFileReference; lastKnownFileType = sourcecode.c.h; name = CCMenu.h; path = libs/cocos2d/CCMenu.h; sourceTree = "<group>"; };
		D2D0AE9A15AF343A00518707 /* CCMenu.m */ = {isa = PBXFileReference; lastKnownFileType = sourcecode.c.objc; name = CCMenu.m; path = libs/cocos2d/CCMenu.m; sourceTree = "<group>"; };
		D2D0AE9C15AF343A00518707 /* CCMenuItem.h */ = {isa = PBXFileReference; lastKnownFileType = sourcecode.c.h; name = CCMenuItem.h; path = libs/cocos2d/CCMenuItem.h; sourceTree = "<group>"; };
		D2D0AE9D15AF343A00518707 /* CCMenuItem.m */ = {isa = PBXFileReference; lastKnownFileType = sourcecode.c.objc; name = CCMenuItem.m; path = libs/cocos2d/CCMenuItem.m; sourceTree = "<group>"; };
		D2D0AE9F15AF343A00518707 /* CCMotionStreak.h */ = {isa = PBXFileReference; lastKnownFileType = sourcecode.c.h; name = CCMotionStreak.h; path = libs/cocos2d/CCMotionStreak.h; sourceTree = "<group>"; };
		D2D0AEA015AF343A00518707 /* CCMotionStreak.m */ = {isa = PBXFileReference; lastKnownFileType = sourcecode.c.objc; name = CCMotionStreak.m; path = libs/cocos2d/CCMotionStreak.m; sourceTree = "<group>"; };
		D2D0AEA215AF343A00518707 /* CCNode.h */ = {isa = PBXFileReference; lastKnownFileType = sourcecode.c.h; name = CCNode.h; path = libs/cocos2d/CCNode.h; sourceTree = "<group>"; };
		D2D0AEA315AF343A00518707 /* CCNode.m */ = {isa = PBXFileReference; lastKnownFileType = sourcecode.c.objc; name = CCNode.m; path = libs/cocos2d/CCNode.m; sourceTree = "<group>"; };
		D2D0AEA515AF343A00518707 /* CCParallaxNode.h */ = {isa = PBXFileReference; lastKnownFileType = sourcecode.c.h; name = CCParallaxNode.h; path = libs/cocos2d/CCParallaxNode.h; sourceTree = "<group>"; };
		D2D0AEA615AF343A00518707 /* CCParallaxNode.m */ = {isa = PBXFileReference; lastKnownFileType = sourcecode.c.objc; name = CCParallaxNode.m; path = libs/cocos2d/CCParallaxNode.m; sourceTree = "<group>"; };
		D2D0AEA815AF343A00518707 /* CCParticleExamples.h */ = {isa = PBXFileReference; lastKnownFileType = sourcecode.c.h; name = CCParticleExamples.h; path = libs/cocos2d/CCParticleExamples.h; sourceTree = "<group>"; };
		D2D0AEA915AF343A00518707 /* CCParticleExamples.m */ = {isa = PBXFileReference; lastKnownFileType = sourcecode.c.objc; name = CCParticleExamples.m; path = libs/cocos2d/CCParticleExamples.m; sourceTree = "<group>"; };
		D2D0AEAB15AF343A00518707 /* CCParticleSystem.h */ = {isa = PBXFileReference; lastKnownFileType = sourcecode.c.h; name = CCParticleSystem.h; path = libs/cocos2d/CCParticleSystem.h; sourceTree = "<group>"; };
		D2D0AEAC15AF343A00518707 /* CCParticleSystem.m */ = {isa = PBXFileReference; lastKnownFileType = sourcecode.c.objc; name = CCParticleSystem.m; path = libs/cocos2d/CCParticleSystem.m; sourceTree = "<group>"; };
		D2D0AEAE15AF343A00518707 /* CCParticleSystemPoint.h */ = {isa = PBXFileReference; lastKnownFileType = sourcecode.c.h; name = CCParticleSystemPoint.h; path = libs/cocos2d/CCParticleSystemPoint.h; sourceTree = "<group>"; };
		D2D0AEAF15AF343A00518707 /* CCParticleSystemPoint.m */ = {isa = PBXFileReference; lastKnownFileType = sourcecode.c.objc; name = CCParticleSystemPoint.m; path = libs/cocos2d/CCParticleSystemPoint.m; sourceTree = "<group>"; };
		D2D0AEB115AF343A00518707 /* CCParticleSystemQuad.h */ = {isa = PBXFileReference; lastKnownFileType = sourcecode.c.h; name = CCParticleSystemQuad.h; path = libs/cocos2d/CCParticleSystemQuad.h; sourceTree = "<group>"; };
		D2D0AEB215AF343A00518707 /* CCParticleSystemQuad.m */ = {isa = PBXFileReference; lastKnownFileType = sourcecode.c.objc; name = CCParticleSystemQuad.m; path = libs/cocos2d/CCParticleSystemQuad.m; sourceTree = "<group>"; };
		D2D0AEB415AF343A00518707 /* CCProgressTimer.h */ = {isa = PBXFileReference; lastKnownFileType = sourcecode.c.h; name = CCProgressTimer.h; path = libs/cocos2d/CCProgressTimer.h; sourceTree = "<group>"; };
		D2D0AEB515AF343A00518707 /* CCProgressTimer.m */ = {isa = PBXFileReference; lastKnownFileType = sourcecode.c.objc; name = CCProgressTimer.m; path = libs/cocos2d/CCProgressTimer.m; sourceTree = "<group>"; };
		D2D0AEB715AF343A00518707 /* CCProtocols.h */ = {isa = PBXFileReference; lastKnownFileType = sourcecode.c.h; name = CCProtocols.h; path = libs/cocos2d/CCProtocols.h; sourceTree = "<group>"; };
		D2D0AEB815AF343A00518707 /* CCRenderTexture.h */ = {isa = PBXFileReference; lastKnownFileType = sourcecode.c.h; name = CCRenderTexture.h; path = libs/cocos2d/CCRenderTexture.h; sourceTree = "<group>"; };
		D2D0AEB915AF343A00518707 /* CCRenderTexture.m */ = {isa = PBXFileReference; lastKnownFileType = sourcecode.c.objc; name = CCRenderTexture.m; path = libs/cocos2d/CCRenderTexture.m; sourceTree = "<group>"; };
		D2D0AEBB15AF343A00518707 /* CCRibbon.h */ = {isa = PBXFileReference; lastKnownFileType = sourcecode.c.h; name = CCRibbon.h; path = libs/cocos2d/CCRibbon.h; sourceTree = "<group>"; };
		D2D0AEBC15AF343A00518707 /* CCRibbon.m */ = {isa = PBXFileReference; lastKnownFileType = sourcecode.c.objc; name = CCRibbon.m; path = libs/cocos2d/CCRibbon.m; sourceTree = "<group>"; };
		D2D0AEBE15AF343A00518707 /* CCScene.h */ = {isa = PBXFileReference; lastKnownFileType = sourcecode.c.h; name = CCScene.h; path = libs/cocos2d/CCScene.h; sourceTree = "<group>"; };
		D2D0AEBF15AF343A00518707 /* CCScene.m */ = {isa = PBXFileReference; lastKnownFileType = sourcecode.c.objc; name = CCScene.m; path = libs/cocos2d/CCScene.m; sourceTree = "<group>"; };
		D2D0AEC115AF343B00518707 /* CCScheduler.h */ = {isa = PBXFileReference; lastKnownFileType = sourcecode.c.h; name = CCScheduler.h; path = libs/cocos2d/CCScheduler.h; sourceTree = "<group>"; };
		D2D0AEC215AF343B00518707 /* CCScheduler.m */ = {isa = PBXFileReference; lastKnownFileType = sourcecode.c.objc; name = CCScheduler.m; path = libs/cocos2d/CCScheduler.m; sourceTree = "<group>"; };
		D2D0AEC415AF343B00518707 /* CCSprite.h */ = {isa = PBXFileReference; lastKnownFileType = sourcecode.c.h; name = CCSprite.h; path = libs/cocos2d/CCSprite.h; sourceTree = "<group>"; };
		D2D0AEC515AF343B00518707 /* CCSprite.m */ = {isa = PBXFileReference; lastKnownFileType = sourcecode.c.objc; name = CCSprite.m; path = libs/cocos2d/CCSprite.m; sourceTree = "<group>"; };
		D2D0AEC715AF343B00518707 /* CCSpriteBatchNode.h */ = {isa = PBXFileReference; lastKnownFileType = sourcecode.c.h; name = CCSpriteBatchNode.h; path = libs/cocos2d/CCSpriteBatchNode.h; sourceTree = "<group>"; };
		D2D0AEC815AF343B00518707 /* CCSpriteBatchNode.m */ = {isa = PBXFileReference; lastKnownFileType = sourcecode.c.objc; name = CCSpriteBatchNode.m; path = libs/cocos2d/CCSpriteBatchNode.m; sourceTree = "<group>"; };
		D2D0AECA15AF343B00518707 /* CCSpriteFrame.h */ = {isa = PBXFileReference; lastKnownFileType = sourcecode.c.h; name = CCSpriteFrame.h; path = libs/cocos2d/CCSpriteFrame.h; sourceTree = "<group>"; };
		D2D0AECB15AF343B00518707 /* CCSpriteFrame.m */ = {isa = PBXFileReference; lastKnownFileType = sourcecode.c.objc; name = CCSpriteFrame.m; path = libs/cocos2d/CCSpriteFrame.m; sourceTree = "<group>"; };
		D2D0AECD15AF343B00518707 /* CCSpriteFrameCache.h */ = {isa = PBXFileReference; lastKnownFileType = sourcecode.c.h; name = CCSpriteFrameCache.h; path = libs/cocos2d/CCSpriteFrameCache.h; sourceTree = "<group>"; };
		D2D0AECE15AF343B00518707 /* CCSpriteFrameCache.m */ = {isa = PBXFileReference; lastKnownFileType = sourcecode.c.objc; name = CCSpriteFrameCache.m; path = libs/cocos2d/CCSpriteFrameCache.m; sourceTree = "<group>"; };
		D2D0AED015AF343B00518707 /* CCTexture2D.h */ = {isa = PBXFileReference; lastKnownFileType = sourcecode.c.h; name = CCTexture2D.h; path = libs/cocos2d/CCTexture2D.h; sourceTree = "<group>"; };
		D2D0AED115AF343B00518707 /* CCTexture2D.m */ = {isa = PBXFileReference; lastKnownFileType = sourcecode.c.objc; name = CCTexture2D.m; path = libs/cocos2d/CCTexture2D.m; sourceTree = "<group>"; };
		D2D0AED315AF343B00518707 /* CCTextureAtlas.h */ = {isa = PBXFileReference; lastKnownFileType = sourcecode.c.h; name = CCTextureAtlas.h; path = libs/cocos2d/CCTextureAtlas.h; sourceTree = "<group>"; };
		D2D0AED415AF343B00518707 /* CCTextureAtlas.m */ = {isa = PBXFileReference; lastKnownFileType = sourcecode.c.objc; name = CCTextureAtlas.m; path = libs/cocos2d/CCTextureAtlas.m; sourceTree = "<group>"; };
		D2D0AED615AF343B00518707 /* CCTextureCache.h */ = {isa = PBXFileReference; lastKnownFileType = sourcecode.c.h; name = CCTextureCache.h; path = libs/cocos2d/CCTextureCache.h; sourceTree = "<group>"; };
		D2D0AED715AF343B00518707 /* CCTextureCache.m */ = {isa = PBXFileReference; lastKnownFileType = sourcecode.c.objc; name = CCTextureCache.m; path = libs/cocos2d/CCTextureCache.m; sourceTree = "<group>"; };
		D2D0AED915AF343B00518707 /* CCTexturePVR.h */ = {isa = PBXFileReference; lastKnownFileType = sourcecode.c.h; name = CCTexturePVR.h; path = libs/cocos2d/CCTexturePVR.h; sourceTree = "<group>"; };
		D2D0AEDA15AF343B00518707 /* CCTexturePVR.m */ = {isa = PBXFileReference; lastKnownFileType = sourcecode.c.objc; name = CCTexturePVR.m; path = libs/cocos2d/CCTexturePVR.m; sourceTree = "<group>"; };
		D2D0AEDC15AF343B00518707 /* CCTileMapAtlas.h */ = {isa = PBXFileReference; lastKnownFileType = sourcecode.c.h; name = CCTileMapAtlas.h; path = libs/cocos2d/CCTileMapAtlas.h; sourceTree = "<group>"; };
		D2D0AEDD15AF343B00518707 /* CCTileMapAtlas.m */ = {isa = PBXFileReference; lastKnownFileType = sourcecode.c.objc; name = CCTileMapAtlas.m; path = libs/cocos2d/CCTileMapAtlas.m; sourceTree = "<group>"; };
		D2D0AEDF15AF343B00518707 /* CCTMXLayer.h */ = {isa = PBXFileReference; lastKnownFileType = sourcecode.c.h; name = CCTMXLayer.h; path = libs/cocos2d/CCTMXLayer.h; sourceTree = "<group>"; };
		D2D0AEE015AF343B00518707 /* CCTMXLayer.m */ = {isa = PBXFileReference; lastKnownFileType = sourcecode.c.objc; name = CCTMXLayer.m; path = libs/cocos2d/CCTMXLayer.m; sourceTree = "<group>"; };
		D2D0AEE215AF343B00518707 /* CCTMXObjectGroup.h */ = {isa = PBXFileReference; lastKnownFileType = sourcecode.c.h; name = CCTMXObjectGroup.h; path = libs/cocos2d/CCTMXObjectGroup.h; sourceTree = "<group>"; };
		D2D0AEE315AF343B00518707 /* CCTMXObjectGroup.m */ = {isa = PBXFileReference; lastKnownFileType = sourcecode.c.objc; name = CCTMXObjectGroup.m; path = libs/cocos2d/CCTMXObjectGroup.m; sourceTree = "<group>"; };
		D2D0AEE515AF343B00518707 /* CCTMXTiledMap.h */ = {isa = PBXFileReference; lastKnownFileType = sourcecode.c.h; name = CCTMXTiledMap.h; path = libs/cocos2d/CCTMXTiledMap.h; sourceTree = "<group>"; };
		D2D0AEE615AF343B00518707 /* CCTMXTiledMap.m */ = {isa = PBXFileReference; lastKnownFileType = sourcecode.c.objc; name = CCTMXTiledMap.m; path = libs/cocos2d/CCTMXTiledMap.m; sourceTree = "<group>"; };
		D2D0AEE815AF343B00518707 /* CCTMXXMLParser.h */ = {isa = PBXFileReference; lastKnownFileType = sourcecode.c.h; name = CCTMXXMLParser.h; path = libs/cocos2d/CCTMXXMLParser.h; sourceTree = "<group>"; };
		D2D0AEE915AF343B00518707 /* CCTMXXMLParser.m */ = {isa = PBXFileReference; lastKnownFileType = sourcecode.c.objc; name = CCTMXXMLParser.m; path = libs/cocos2d/CCTMXXMLParser.m; sourceTree = "<group>"; };
		D2D0AEEB15AF343B00518707 /* CCTransition.h */ = {isa = PBXFileReference; lastKnownFileType = sourcecode.c.h; name = CCTransition.h; path = libs/cocos2d/CCTransition.h; sourceTree = "<group>"; };
		D2D0AEEC15AF343B00518707 /* CCTransition.m */ = {isa = PBXFileReference; lastKnownFileType = sourcecode.c.objc; name = CCTransition.m; path = libs/cocos2d/CCTransition.m; sourceTree = "<group>"; };
		D2D0AEEE15AF343B00518707 /* CCTransitionPageTurn.h */ = {isa = PBXFileReference; lastKnownFileType = sourcecode.c.h; name = CCTransitionPageTurn.h; path = libs/cocos2d/CCTransitionPageTurn.h; sourceTree = "<group>"; };
		D2D0AEEF15AF343B00518707 /* CCTransitionPageTurn.m */ = {isa = PBXFileReference; lastKnownFileType = sourcecode.c.objc; name = CCTransitionPageTurn.m; path = libs/cocos2d/CCTransitionPageTurn.m; sourceTree = "<group>"; };
		D2D0AEF115AF343B00518707 /* CCTransitionRadial.h */ = {isa = PBXFileReference; lastKnownFileType = sourcecode.c.h; name = CCTransitionRadial.h; path = libs/cocos2d/CCTransitionRadial.h; sourceTree = "<group>"; };
		D2D0AEF215AF343B00518707 /* CCTransitionRadial.m */ = {isa = PBXFileReference; lastKnownFileType = sourcecode.c.objc; name = CCTransitionRadial.m; path = libs/cocos2d/CCTransitionRadial.m; sourceTree = "<group>"; };
		D2D0AEF415AF343B00518707 /* ccTypes.h */ = {isa = PBXFileReference; lastKnownFileType = sourcecode.c.h; name = ccTypes.h; path = libs/cocos2d/ccTypes.h; sourceTree = "<group>"; };
		D2D0AEF515AF343B00518707 /* cocos2d.h */ = {isa = PBXFileReference; lastKnownFileType = sourcecode.c.h; name = cocos2d.h; path = libs/cocos2d/cocos2d.h; sourceTree = "<group>"; };
		D2D0AEF615AF343B00518707 /* cocos2d.m */ = {isa = PBXFileReference; lastKnownFileType = sourcecode.c.objc; name = cocos2d.m; path = libs/cocos2d/cocos2d.m; sourceTree = "<group>"; };
		D2D0AEF915AF343B00518707 /* CCGL.h */ = {isa = PBXFileReference; lastKnownFileType = sourcecode.c.h; name = CCGL.h; path = libs/cocos2d/Platforms/CCGL.h; sourceTree = "<group>"; };
		D2D0AEFA15AF343B00518707 /* CCNS.h */ = {isa = PBXFileReference; lastKnownFileType = sourcecode.c.h; name = CCNS.h; path = libs/cocos2d/Platforms/CCNS.h; sourceTree = "<group>"; };
		D2D0AEFC15AF343B00518707 /* CCDirectorIOS.h */ = {isa = PBXFileReference; lastKnownFileType = sourcecode.c.h; name = CCDirectorIOS.h; path = libs/cocos2d/Platforms/iOS/CCDirectorIOS.h; sourceTree = "<group>"; };
		D2D0AEFD15AF343B00518707 /* CCDirectorIOS.m */ = {isa = PBXFileReference; lastKnownFileType = sourcecode.c.objc; name = CCDirectorIOS.m; path = libs/cocos2d/Platforms/iOS/CCDirectorIOS.m; sourceTree = "<group>"; };
		D2D0AEFF15AF343B00518707 /* CCTouchDelegateProtocol.h */ = {isa = PBXFileReference; lastKnownFileType = sourcecode.c.h; name = CCTouchDelegateProtocol.h; path = libs/cocos2d/Platforms/iOS/CCTouchDelegateProtocol.h; sourceTree = "<group>"; };
		D2D0AF0015AF343B00518707 /* CCTouchDispatcher.h */ = {isa = PBXFileReference; lastKnownFileType = sourcecode.c.h; name = CCTouchDispatcher.h; path = libs/cocos2d/Platforms/iOS/CCTouchDispatcher.h; sourceTree = "<group>"; };
		D2D0AF0115AF343B00518707 /* CCTouchDispatcher.m */ = {isa = PBXFileReference; lastKnownFileType = sourcecode.c.objc; name = CCTouchDispatcher.m; path = libs/cocos2d/Platforms/iOS/CCTouchDispatcher.m; sourceTree = "<group>"; };
		D2D0AF0315AF343B00518707 /* CCTouchHandler.h */ = {isa = PBXFileReference; lastKnownFileType = sourcecode.c.h; name = CCTouchHandler.h; path = libs/cocos2d/Platforms/iOS/CCTouchHandler.h; sourceTree = "<group>"; };
		D2D0AF0415AF343B00518707 /* CCTouchHandler.m */ = {isa = PBXFileReference; lastKnownFileType = sourcecode.c.objc; name = CCTouchHandler.m; path = libs/cocos2d/Platforms/iOS/CCTouchHandler.m; sourceTree = "<group>"; };
		D2D0AF0615AF343B00518707 /* EAGLView.h */ = {isa = PBXFileReference; lastKnownFileType = sourcecode.c.h; name = EAGLView.h; path = libs/cocos2d/Platforms/iOS/EAGLView.h; sourceTree = "<group>"; };
		D2D0AF0715AF343B00518707 /* EAGLView.m */ = {isa = PBXFileReference; lastKnownFileType = sourcecode.c.objc; name = EAGLView.m; path = libs/cocos2d/Platforms/iOS/EAGLView.m; sourceTree = "<group>"; };
		D2D0AF0915AF343B00518707 /* ES1Renderer.h */ = {isa = PBXFileReference; lastKnownFileType = sourcecode.c.h; name = ES1Renderer.h; path = libs/cocos2d/Platforms/iOS/ES1Renderer.h; sourceTree = "<group>"; };
		D2D0AF0A15AF343B00518707 /* ES1Renderer.m */ = {isa = PBXFileReference; lastKnownFileType = sourcecode.c.objc; name = ES1Renderer.m; path = libs/cocos2d/Platforms/iOS/ES1Renderer.m; sourceTree = "<group>"; };
		D2D0AF0C15AF343B00518707 /* ESRenderer.h */ = {isa = PBXFileReference; lastKnownFileType = sourcecode.c.h; name = ESRenderer.h; path = libs/cocos2d/Platforms/iOS/ESRenderer.h; sourceTree = "<group>"; };
		D2D0AF0D15AF343B00518707 /* glu.c */ = {isa = PBXFileReference; lastKnownFileType = sourcecode.c.c; name = glu.c; path = libs/cocos2d/Platforms/iOS/glu.c; sourceTree = "<group>"; };
		D2D0AF0F15AF343B00518707 /* glu.h */ = {isa = PBXFileReference; lastKnownFileType = sourcecode.c.h; name = glu.h; path = libs/cocos2d/Platforms/iOS/glu.h; sourceTree = "<group>"; };
		D2D0AF1115AF343B00518707 /* CCDirectorMac.h */ = {isa = PBXFileReference; lastKnownFileType = sourcecode.c.h; name = CCDirectorMac.h; path = libs/cocos2d/Platforms/Mac/CCDirectorMac.h; sourceTree = "<group>"; };
		D2D0AF1215AF343B00518707 /* CCDirectorMac.m */ = {isa = PBXFileReference; lastKnownFileType = sourcecode.c.objc; name = CCDirectorMac.m; path = libs/cocos2d/Platforms/Mac/CCDirectorMac.m; sourceTree = "<group>"; };
		D2D0AF1415AF343B00518707 /* CCEventDispatcher.h */ = {isa = PBXFileReference; lastKnownFileType = sourcecode.c.h; name = CCEventDispatcher.h; path = libs/cocos2d/Platforms/Mac/CCEventDispatcher.h; sourceTree = "<group>"; };
		D2D0AF1515AF343B00518707 /* CCEventDispatcher.m */ = {isa = PBXFileReference; lastKnownFileType = sourcecode.c.objc; name = CCEventDispatcher.m; path = libs/cocos2d/Platforms/Mac/CCEventDispatcher.m; sourceTree = "<group>"; };
		D2D0AF1715AF343B00518707 /* MacGLView.h */ = {isa = PBXFileReference; lastKnownFileType = sourcecode.c.h; name = MacGLView.h; path = libs/cocos2d/Platforms/Mac/MacGLView.h; sourceTree = "<group>"; };
		D2D0AF1815AF343B00518707 /* MacGLView.m */ = {isa = PBXFileReference; lastKnownFileType = sourcecode.c.objc; name = MacGLView.m; path = libs/cocos2d/Platforms/Mac/MacGLView.m; sourceTree = "<group>"; };
		D2D0AF1A15AF343B00518707 /* MacWindow.h */ = {isa = PBXFileReference; lastKnownFileType = sourcecode.c.h; name = MacWindow.h; path = libs/cocos2d/Platforms/Mac/MacWindow.h; sourceTree = "<group>"; };
		D2D0AF1B15AF343B00518707 /* MacWindow.m */ = {isa = PBXFileReference; lastKnownFileType = sourcecode.c.objc; name = MacWindow.m; path = libs/cocos2d/Platforms/Mac/MacWindow.m; sourceTree = "<group>"; };
		D2D0AF1E15AF343B00518707 /* base64.c */ = {isa = PBXFileReference; lastKnownFileType = sourcecode.c.c; name = base64.c; path = libs/cocos2d/Support/base64.c; sourceTree = "<group>"; };
		D2D0AF2015AF343B00518707 /* base64.h */ = {isa = PBXFileReference; lastKnownFileType = sourcecode.c.h; name = base64.h; path = libs/cocos2d/Support/base64.h; sourceTree = "<group>"; };
		D2D0AF2115AF343B00518707 /* CCArray.h */ = {isa = PBXFileReference; lastKnownFileType = sourcecode.c.h; name = CCArray.h; path = libs/cocos2d/Support/CCArray.h; sourceTree = "<group>"; };
		D2D0AF2215AF343B00518707 /* CCArray.m */ = {isa = PBXFileReference; lastKnownFileType = sourcecode.c.objc; name = CCArray.m; path = libs/cocos2d/Support/CCArray.m; sourceTree = "<group>"; };
		D2D0AF2415AF343B00518707 /* ccCArray.h */ = {isa = PBXFileReference; lastKnownFileType = sourcecode.c.h; name = ccCArray.h; path = libs/cocos2d/Support/ccCArray.h; sourceTree = "<group>"; };
		D2D0AF2515AF343B00518707 /* CCFileUtils.h */ = {isa = PBXFileReference; lastKnownFileType = sourcecode.c.h; name = CCFileUtils.h; path = libs/cocos2d/Support/CCFileUtils.h; sourceTree = "<group>"; };
		D2D0AF2615AF343B00518707 /* CCFileUtils.m */ = {isa = PBXFileReference; lastKnownFileType = sourcecode.c.objc; name = CCFileUtils.m; path = libs/cocos2d/Support/CCFileUtils.m; sourceTree = "<group>"; };
		D2D0AF2815AF343B00518707 /* CCProfiling.h */ = {isa = PBXFileReference; lastKnownFileType = sourcecode.c.h; name = CCProfiling.h; path = libs/cocos2d/Support/CCProfiling.h; sourceTree = "<group>"; };
		D2D0AF2915AF343B00518707 /* CCProfiling.m */ = {isa = PBXFileReference; lastKnownFileType = sourcecode.c.objc; name = CCProfiling.m; path = libs/cocos2d/Support/CCProfiling.m; sourceTree = "<group>"; };
		D2D0AF2B15AF343B00518707 /* ccUtils.c */ = {isa = PBXFileReference; lastKnownFileType = sourcecode.c.c; name = ccUtils.c; path = libs/cocos2d/Support/ccUtils.c; sourceTree = "<group>"; };
		D2D0AF2D15AF343B00518707 /* ccUtils.h */ = {isa = PBXFileReference; lastKnownFileType = sourcecode.c.h; name = ccUtils.h; path = libs/cocos2d/Support/ccUtils.h; sourceTree = "<group>"; };
		D2D0AF2E15AF343B00518707 /* CGPointExtension.h */ = {isa = PBXFileReference; lastKnownFileType = sourcecode.c.h; name = CGPointExtension.h; path = libs/cocos2d/Support/CGPointExtension.h; sourceTree = "<group>"; };
		D2D0AF2F15AF343B00518707 /* CGPointExtension.m */ = {isa = PBXFileReference; lastKnownFileType = sourcecode.c.objc; name = CGPointExtension.m; path = libs/cocos2d/Support/CGPointExtension.m; sourceTree = "<group>"; };
		D2D0AF3115AF343B00518707 /* OpenGL_Internal.h */ = {isa = PBXFileReference; lastKnownFileType = sourcecode.c.h; name = OpenGL_Internal.h; path = libs/cocos2d/Support/OpenGL_Internal.h; sourceTree = "<group>"; };
		D2D0AF3215AF343B00518707 /* TGAlib.h */ = {isa = PBXFileReference; lastKnownFileType = sourcecode.c.h; name = TGAlib.h; path = libs/cocos2d/Support/TGAlib.h; sourceTree = "<group>"; };
		D2D0AF3315AF343B00518707 /* TGAlib.m */ = {isa = PBXFileReference; lastKnownFileType = sourcecode.c.objc; name = TGAlib.m; path = libs/cocos2d/Support/TGAlib.m; sourceTree = "<group>"; };
		D2D0AF3515AF343B00518707 /* TransformUtils.h */ = {isa = PBXFileReference; lastKnownFileType = sourcecode.c.h; name = TransformUtils.h; path = libs/cocos2d/Support/TransformUtils.h; sourceTree = "<group>"; };
		D2D0AF3615AF343B00518707 /* TransformUtils.m */ = {isa = PBXFileReference; lastKnownFileType = sourcecode.c.objc; name = TransformUtils.m; path = libs/cocos2d/Support/TransformUtils.m; sourceTree = "<group>"; };
		D2D0AF3815AF343B00518707 /* uthash.h */ = {isa = PBXFileReference; lastKnownFileType = sourcecode.c.h; name = uthash.h; path = libs/cocos2d/Support/uthash.h; sourceTree = "<group>"; };
		D2D0AF3915AF343B00518707 /* utlist.h */ = {isa = PBXFileReference; lastKnownFileType = sourcecode.c.h; name = utlist.h; path = libs/cocos2d/Support/utlist.h; sourceTree = "<group>"; };
		D2D0AF3A15AF343B00518707 /* ZipUtils.h */ = {isa = PBXFileReference; lastKnownFileType = sourcecode.c.h; name = ZipUtils.h; path = libs/cocos2d/Support/ZipUtils.h; sourceTree = "<group>"; };
		D2D0AF3B15AF343B00518707 /* ZipUtils.m */ = {isa = PBXFileReference; lastKnownFileType = sourcecode.c.objc; name = ZipUtils.m; path = libs/cocos2d/Support/ZipUtils.m; sourceTree = "<group>"; };
		D2D0AF3D15AF343B00518707 /* LICENSE_cocos2d.txt */ = {isa = PBXFileReference; lastKnownFileType = text; name = LICENSE_cocos2d.txt; path = libs/LICENSE_cocos2d.txt; sourceTree = "<group>"; };
		D2D0AF3F15AF343B00518707 /* CDAudioManager.h */ = {isa = PBXFileReference; lastKnownFileType = sourcecode.c.h; name = CDAudioManager.h; path = libs/CocosDenshion/CDAudioManager.h; sourceTree = "<group>"; };
		D2D0AF4015AF343B00518707 /* CDAudioManager.m */ = {isa = PBXFileReference; lastKnownFileType = sourcecode.c.objc; name = CDAudioManager.m; path = libs/CocosDenshion/CDAudioManager.m; sourceTree = "<group>"; };
		D2D0AF4215AF343B00518707 /* CDConfig.h */ = {isa = PBXFileReference; lastKnownFileType = sourcecode.c.h; name = CDConfig.h; path = libs/CocosDenshion/CDConfig.h; sourceTree = "<group>"; };
		D2D0AF4315AF343B00518707 /* CDOpenALSupport.h */ = {isa = PBXFileReference; lastKnownFileType = sourcecode.c.h; name = CDOpenALSupport.h; path = libs/CocosDenshion/CDOpenALSupport.h; sourceTree = "<group>"; };
		D2D0AF4415AF343B00518707 /* CDOpenALSupport.m */ = {isa = PBXFileReference; lastKnownFileType = sourcecode.c.objc; name = CDOpenALSupport.m; path = libs/CocosDenshion/CDOpenALSupport.m; sourceTree = "<group>"; };
		D2D0AF4615AF343B00518707 /* CocosDenshion.h */ = {isa = PBXFileReference; lastKnownFileType = sourcecode.c.h; name = CocosDenshion.h; path = libs/CocosDenshion/CocosDenshion.h; sourceTree = "<group>"; };
		D2D0AF4715AF343B00518707 /* CocosDenshion.m */ = {isa = PBXFileReference; lastKnownFileType = sourcecode.c.objc; name = CocosDenshion.m; path = libs/CocosDenshion/CocosDenshion.m; sourceTree = "<group>"; };
		D2D0AF4915AF343B00518707 /* SimpleAudioEngine.h */ = {isa = PBXFileReference; lastKnownFileType = sourcecode.c.h; name = SimpleAudioEngine.h; path = libs/CocosDenshion/SimpleAudioEngine.h; sourceTree = "<group>"; };
		D2D0AF4A15AF343B00518707 /* SimpleAudioEngine.m */ = {isa = PBXFileReference; lastKnownFileType = sourcecode.c.objc; name = SimpleAudioEngine.m; path = libs/CocosDenshion/SimpleAudioEngine.m; sourceTree = "<group>"; };
		D2D0AF4C15AF343B00518707 /* LICENSE_CocosDenshion.txt */ = {isa = PBXFileReference; lastKnownFileType = text; name = LICENSE_CocosDenshion.txt; path = libs/LICENSE_CocosDenshion.txt; sourceTree = "<group>"; };
		D2D0AF4E15AF343B00518707 /* CLScoreServerPost.h */ = {isa = PBXFileReference; lastKnownFileType = sourcecode.c.h; name = CLScoreServerPost.h; path = libs/cocoslive/CLScoreServerPost.h; sourceTree = "<group>"; };
		D2D0AF4F15AF343B00518707 /* CLScoreServerPost.m */ = {isa = PBXFileReference; lastKnownFileType = sourcecode.c.objc; name = CLScoreServerPost.m; path = libs/cocoslive/CLScoreServerPost.m; sourceTree = "<group>"; };
		D2D0AF5115AF343B00518707 /* CLScoreServerRequest.h */ = {isa = PBXFileReference; lastKnownFileType = sourcecode.c.h; name = CLScoreServerRequest.h; path = libs/cocoslive/CLScoreServerRequest.h; sourceTree = "<group>"; };
		D2D0AF5215AF343B00518707 /* CLScoreServerRequest.m */ = {isa = PBXFileReference; lastKnownFileType = sourcecode.c.objc; name = CLScoreServerRequest.m; path = libs/cocoslive/CLScoreServerRequest.m; sourceTree = "<group>"; };
		D2D0AF5415AF343B00518707 /* cocoslive.h */ = {isa = PBXFileReference; lastKnownFileType = sourcecode.c.h; name = cocoslive.h; path = libs/cocoslive/cocoslive.h; sourceTree = "<group>"; };
		D2D0AF5515AF343B00518707 /* cocoslive.m */ = {isa = PBXFileReference; lastKnownFileType = sourcecode.c.objc; name = cocoslive.m; path = libs/cocoslive/cocoslive.m; sourceTree = "<group>"; };
		D2D0AF5715AF343B00518707 /* LICENSE_TouchJSON.txt */ = {isa = PBXFileReference; lastKnownFileType = text; name = LICENSE_TouchJSON.txt; path = libs/LICENSE_TouchJSON.txt; sourceTree = "<group>"; };
		D2D0AF5915AF343B00518707 /* CDataScanner.h */ = {isa = PBXFileReference; lastKnownFileType = sourcecode.c.h; name = CDataScanner.h; path = libs/TouchJSON/CDataScanner.h; sourceTree = "<group>"; };
		D2D0AF5A15AF343B00518707 /* CDataScanner.m */ = {isa = PBXFileReference; lastKnownFileType = sourcecode.c.objc; name = CDataScanner.m; path = libs/TouchJSON/CDataScanner.m; sourceTree = "<group>"; };
		D2D0AF5D15AF343C00518707 /* CDataScanner_Extensions.h */ = {isa = PBXFileReference; lastKnownFileType = sourcecode.c.h; name = CDataScanner_Extensions.h; path = libs/TouchJSON/Extensions/CDataScanner_Extensions.h; sourceTree = "<group>"; };
		D2D0AF5E15AF343C00518707 /* CDataScanner_Extensions.m */ = {isa = PBXFileReference; lastKnownFileType = sourcecode.c.objc; name = CDataScanner_Extensions.m; path = libs/TouchJSON/Extensions/CDataScanner_Extensions.m; sourceTree = "<group>"; };
		D2D0AF6015AF343C00518707 /* NSDictionary_JSONExtensions.h */ = {isa = PBXFileReference; lastKnownFileType = sourcecode.c.h; name = NSDictionary_JSONExtensions.h; path = libs/TouchJSON/Extensions/NSDictionary_JSONExtensions.h; sourceTree = "<group>"; };
		D2D0AF6115AF343C00518707 /* NSDictionary_JSONExtensions.m */ = {isa = PBXFileReference; lastKnownFileType = sourcecode.c.objc; name = NSDictionary_JSONExtensions.m; path = libs/TouchJSON/Extensions/NSDictionary_JSONExtensions.m; sourceTree = "<group>"; };
		D2D0AF6415AF343C00518707 /* CJSONDeserializer.h */ = {isa = PBXFileReference; lastKnownFileType = sourcecode.c.h; name = CJSONDeserializer.h; path = libs/TouchJSON/JSON/CJSONDeserializer.h; sourceTree = "<group>"; };
		D2D0AF6515AF343C00518707 /* CJSONDeserializer.m */ = {isa = PBXFileReference; lastKnownFileType = sourcecode.c.objc; name = CJSONDeserializer.m; path = libs/TouchJSON/JSON/CJSONDeserializer.m; sourceTree = "<group>"; };
		D2D0AF6715AF343C00518707 /* CJSONScanner.h */ = {isa = PBXFileReference; lastKnownFileType = sourcecode.c.h; name = CJSONScanner.h; path = libs/TouchJSON/JSON/CJSONScanner.h; sourceTree = "<group>"; };
		D2D0AF6815AF343C00518707 /* CJSONScanner.m */ = {isa = PBXFileReference; lastKnownFileType = sourcecode.c.objc; name = CJSONScanner.m; path = libs/TouchJSON/JSON/CJSONScanner.m; sourceTree = "<group>"; };
		D2D0AF6A15AF343C00518707 /* CJSONSerializer.h */ = {isa = PBXFileReference; lastKnownFileType = sourcecode.c.h; name = CJSONSerializer.h; path = libs/TouchJSON/JSON/CJSONSerializer.h; sourceTree = "<group>"; };
		D2D0AF6B15AF343C00518707 /* CJSONSerializer.m */ = {isa = PBXFileReference; lastKnownFileType = sourcecode.c.objc; name = CJSONSerializer.m; path = libs/TouchJSON/JSON/CJSONSerializer.m; sourceTree = "<group>"; };
		D2D0AF6D15AF343C00518707 /* JSONRepresentation.h */ = {isa = PBXFileReference; lastKnownFileType = sourcecode.c.h; name = JSONRepresentation.h; path = libs/TouchJSON/JSON/JSONRepresentation.h; sourceTree = "<group>"; };
		D2D0AF6F15AF343C00518707 /* FontLabel.h */ = {isa = PBXFileReference; lastKnownFileType = sourcecode.c.h; name = FontLabel.h; path = libs/FontLabel/FontLabel.h; sourceTree = "<group>"; };
		D2D0AF7015AF343C00518707 /* FontLabel.m */ = {isa = PBXFileReference; lastKnownFileType = sourcecode.c.objc; name = FontLabel.m; path = libs/FontLabel/FontLabel.m; sourceTree = "<group>"; };
		D2D0AF7215AF343C00518707 /* FontLabelStringDrawing.h */ = {isa = PBXFileReference; lastKnownFileType = sourcecode.c.h; name = FontLabelStringDrawing.h; path = libs/FontLabel/FontLabelStringDrawing.h; sourceTree = "<group>"; };
		D2D0AF7315AF343C00518707 /* FontLabelStringDrawing.m */ = {isa = PBXFileReference; lastKnownFileType = sourcecode.c.objc; name = FontLabelStringDrawing.m; path = libs/FontLabel/FontLabelStringDrawing.m; sourceTree = "<group>"; };
		D2D0AF7515AF343C00518707 /* FontManager.h */ = {isa = PBXFileReference; lastKnownFileType = sourcecode.c.h; name = FontManager.h; path = libs/FontLabel/FontManager.h; sourceTree = "<group>"; };
		D2D0AF7615AF343C00518707 /* FontManager.m */ = {isa = PBXFileReference; lastKnownFileType = sourcecode.c.objc; name = FontManager.m; path = libs/FontLabel/FontManager.m; sourceTree = "<group>"; };
		D2D0AF7815AF343C00518707 /* ZAttributedString.h */ = {isa = PBXFileReference; lastKnownFileType = sourcecode.c.h; name = ZAttributedString.h; path = libs/FontLabel/ZAttributedString.h; sourceTree = "<group>"; };
		D2D0AF7915AF343C00518707 /* ZAttributedString.m */ = {isa = PBXFileReference; lastKnownFileType = sourcecode.c.objc; name = ZAttributedString.m; path = libs/FontLabel/ZAttributedString.m; sourceTree = "<group>"; };
		D2D0AF7B15AF343C00518707 /* ZAttributedStringPrivate.h */ = {isa = PBXFileReference; lastKnownFileType = sourcecode.c.h; name = ZAttributedStringPrivate.h; path = libs/FontLabel/ZAttributedStringPrivate.h; sourceTree = "<group>"; };
		D2D0AF7C15AF343C00518707 /* ZFont.h */ = {isa = PBXFileReference; lastKnownFileType = sourcecode.c.h; name = ZFont.h; path = libs/FontLabel/ZFont.h; sourceTree = "<group>"; };
		D2D0AF7D15AF343C00518707 /* ZFont.m */ = {isa = PBXFileReference; lastKnownFileType = sourcecode.c.objc; name = ZFont.m; path = libs/FontLabel/ZFont.m; sourceTree = "<group>"; };
		D2D0AF7F15AF343C00518707 /* LICENSE_FontLabel.txt */ = {isa = PBXFileReference; lastKnownFileType = text; name = LICENSE_FontLabel.txt; path = libs/LICENSE_FontLabel.txt; sourceTree = "<group>"; };
		D2D0AF8115AF343C00518707 /* Prefix.pch */ = {isa = PBXFileReference; lastKnownFileType = sourcecode.c.h; path = Prefix.pch; sourceTree = "<group>"; };
		D2D0AF8215AF343C00518707 /* main.m */ = {isa = PBXFileReference; lastKnownFileType = sourcecode.c.objc; path = main.m; sourceTree = "<group>"; };
		D2D0AF8415AF343C00518707 /* AppDelegate.h */ = {isa = PBXFileReference; lastKnownFileType = sourcecode.c.h; path = AppDelegate.h; sourceTree = "<group>"; };
		D2D0AF8515AF343C00518707 /* AppDelegate.m */ = {isa = PBXFileReference; lastKnownFileType = sourcecode.c.objc; path = AppDelegate.m; sourceTree = "<group>"; };
		D2D0AF8715AF343C00518707 /* RootViewController.h */ = {isa = PBXFileReference; lastKnownFileType = sourcecode.c.h; path = RootViewController.h; sourceTree = "<group>"; };
		D2D0AF8815AF343C00518707 /* RootViewController.m */ = {isa = PBXFileReference; lastKnownFileType = sourcecode.c.objc; path = RootViewController.m; sourceTree = "<group>"; };
		D2D0AF8A15AF343C00518707 /* HelloWorldLayer.h */ = {isa = PBXFileReference; lastKnownFileType = sourcecode.c.h; path = HelloWorldLayer.h; sourceTree = "<group>"; };
		D2D0AF8B15AF343C00518707 /* HelloWorldLayer.m */ = {isa = PBXFileReference; lastKnownFileType = sourcecode.c.objc; path = HelloWorldLayer.m; sourceTree = "<group>"; };
		D2D0AF8D15AF343C00518707 /* GameConfig.h */ = {isa = PBXFileReference; lastKnownFileType = sourcecode.c.h; path = GameConfig.h; sourceTree = "<group>"; };
/* End PBXFileReference section */

/* Begin PBXFrameworksBuildPhase section */
		D2D0AE1B15AF343A00518707 /* Frameworks */ = {
			isa = PBXFrameworksBuildPhase;
			buildActionMask = 2147483647;
			files = (
				D2D0AE2315AF343A00518707 /* QuartzCore.framework in Frameworks */,
				D2D0AE2515AF343A00518707 /* OpenGLES.framework in Frameworks */,
				D2D0AE2715AF343A00518707 /* OpenAL.framework in Frameworks */,
				D2D0AE2915AF343A00518707 /* AudioToolbox.framework in Frameworks */,
				D2D0AE2B15AF343A00518707 /* AVFoundation.framework in Frameworks */,
				D2D0AE2D15AF343A00518707 /* UIKit.framework in Frameworks */,
				D2D0AE2F15AF343A00518707 /* Foundation.framework in Frameworks */,
				D2D0AE3115AF343A00518707 /* CoreGraphics.framework in Frameworks */,
			);
			runOnlyForDeploymentPostprocessing = 0;
		};
/* End PBXFrameworksBuildPhase section */

/* Begin PBXGroup section */
		376F094415AF3D2C001739BD /* Game Objects */ = {
			isa = PBXGroup;
			children = (
				376F094915AF4213001739BD /* MasterChief.h */,
				D278CB7315AFAAAD00EDF62D /* BubbleShield.h */,
				D278CB7415AFAAAD00EDF62D /* BubbleShield.m */,
				376F094A15AF4213001739BD /* MasterChief.m */,
				376F094C15AF42BB001739BD /* GameObject.h */,
				376F094D15AF42BB001739BD /* GameObject.m */,
				3726215815AF87CA009997CC /* Sheep.h */,
				3726215915AF87CA009997CC /* Sheep.m */,
			);
			name = "Game Objects";
			sourceTree = "<group>";
		};
		D2D0AE1315AF343900518707 = {
			isa = PBXGroup;
			children = (
				D2D0AE3215AF343A00518707 /* Halo:Wales */,
				D2D0AE2115AF343A00518707 /* Frameworks */,
				D2D0AE1F15AF343A00518707 /* Products */,
			);
			sourceTree = "<group>";
		};
		D2D0AE1F15AF343A00518707 /* Products */ = {
			isa = PBXGroup;
			children = (
				D2D0AE1E15AF343A00518707 /* Halo:Wales.app */,
			);
			name = Products;
			sourceTree = "<group>";
		};
		D2D0AE2115AF343A00518707 /* Frameworks */ = {
			isa = PBXGroup;
			children = (
				D2D0AE2215AF343A00518707 /* QuartzCore.framework */,
				D2D0AE2415AF343A00518707 /* OpenGLES.framework */,
				D2D0AE2615AF343A00518707 /* OpenAL.framework */,
				D2D0AE2815AF343A00518707 /* AudioToolbox.framework */,
				D2D0AE2A15AF343A00518707 /* AVFoundation.framework */,
				D2D0AE2C15AF343A00518707 /* UIKit.framework */,
				D2D0AE2E15AF343A00518707 /* Foundation.framework */,
				D2D0AE3015AF343A00518707 /* CoreGraphics.framework */,
			);
			name = Frameworks;
			sourceTree = "<group>";
		};
		D2D0AE3215AF343A00518707 /* Halo:Wales */ = {
			isa = PBXGroup;
			children = (
				376F094415AF3D2C001739BD /* Game Objects */,
				D2D0AF8415AF343C00518707 /* AppDelegate.h */,
				D2D0AF8515AF343C00518707 /* AppDelegate.m */,
				D2D0AF8715AF343C00518707 /* RootViewController.h */,
				D2D0AF8815AF343C00518707 /* RootViewController.m */,
				D2D0AF8A15AF343C00518707 /* HelloWorldLayer.h */,
				D2D0AF8B15AF343C00518707 /* HelloWorldLayer.m */,
				D2D0AF8D15AF343C00518707 /* GameConfig.h */,
				D2D0AE3315AF343A00518707 /* Resources */,
				D2D0AE4715AF343A00518707 /* libs */,
				D2D0AF8015AF343C00518707 /* Supporting Files */,
			);
			path = "Halo:Wales";
			sourceTree = "<group>";
		};
		D2D0AE3315AF343A00518707 /* Resources */ = {
			isa = PBXGroup;
			children = (
				D278CB7115AFA6A600EDF62D /* 24929.mp3 */,
				D278CB6F15AFA59000EDF62D /* bubble-shield.mp3 */,
				D278CB6A15AFA3FC00EDF62D /* halo.mid */,
				3726214215AF6829009997CC /* halo.plist */,
				3726214315AF6829009997CC /* halo.png */,
				D2D0AE3415AF343A00518707 /* Default.png */,
				D2D0AE3615AF343A00518707 /* fps_images.png */,
				D2D0AE3815AF343A00518707 /* Icon-72.png */,
				D2D0AE3A15AF343A00518707 /* Icon-Small-50.png */,
				D2D0AE3C15AF343A00518707 /* Icon-Small.png */,
				D2D0AE3E15AF343A00518707 /* Icon-Small@2x.png */,
				D2D0AE4015AF343A00518707 /* Icon.png */,
				D2D0AE4215AF343A00518707 /* Icon@2x.png */,
				D2D0AE4415AF343A00518707 /* Info.plist */,
				D2D0AE4515AF343A00518707 /* iTunesArtwork */,
			);
			name = Resources;
			sourceTree = "<group>";
		};
		D2D0AE4715AF343A00518707 /* libs */ = {
			isa = PBXGroup;
			children = (
				D2D0AF3D15AF343B00518707 /* LICENSE_cocos2d.txt */,
				D2D0AF4C15AF343B00518707 /* LICENSE_CocosDenshion.txt */,
				D2D0AF5715AF343B00518707 /* LICENSE_TouchJSON.txt */,
				D2D0AF7F15AF343C00518707 /* LICENSE_FontLabel.txt */,
				D2D0AE4815AF343A00518707 /* cocos2d */,
				D2D0AF3E15AF343B00518707 /* CocosDenshion */,
				D2D0AF4D15AF343B00518707 /* cocoslive */,
				D2D0AF5815AF343B00518707 /* TouchJSON */,
				D2D0AF6E15AF343C00518707 /* FontLabel */,
			);
			name = libs;
			sourceTree = "<group>";
		};
		D2D0AE4815AF343A00518707 /* cocos2d */ = {
			isa = PBXGroup;
			children = (
				D2D0AE4915AF343A00518707 /* CCAction.h */,
				D2D0AE4A15AF343A00518707 /* CCAction.m */,
				D2D0AE4C15AF343A00518707 /* CCActionCamera.h */,
				D2D0AE4D15AF343A00518707 /* CCActionCamera.m */,
				D2D0AE4F15AF343A00518707 /* CCActionEase.h */,
				D2D0AE5015AF343A00518707 /* CCActionEase.m */,
				D2D0AE5215AF343A00518707 /* CCActionGrid.h */,
				D2D0AE5315AF343A00518707 /* CCActionGrid.m */,
				D2D0AE5515AF343A00518707 /* CCActionGrid3D.h */,
				D2D0AE5615AF343A00518707 /* CCActionGrid3D.m */,
				D2D0AE5815AF343A00518707 /* CCActionInstant.h */,
				D2D0AE5915AF343A00518707 /* CCActionInstant.m */,
				D2D0AE5B15AF343A00518707 /* CCActionInterval.h */,
				D2D0AE5C15AF343A00518707 /* CCActionInterval.m */,
				D2D0AE5E15AF343A00518707 /* CCActionManager.h */,
				D2D0AE5F15AF343A00518707 /* CCActionManager.m */,
				D2D0AE6115AF343A00518707 /* CCActionPageTurn3D.h */,
				D2D0AE6215AF343A00518707 /* CCActionPageTurn3D.m */,
				D2D0AE6415AF343A00518707 /* CCActionProgressTimer.h */,
				D2D0AE6515AF343A00518707 /* CCActionProgressTimer.m */,
				D2D0AE6715AF343A00518707 /* CCActionTiledGrid.h */,
				D2D0AE6815AF343A00518707 /* CCActionTiledGrid.m */,
				D2D0AE6A15AF343A00518707 /* CCActionTween.h */,
				D2D0AE6B15AF343A00518707 /* CCActionTween.m */,
				D2D0AE6D15AF343A00518707 /* CCAnimation.h */,
				D2D0AE6E15AF343A00518707 /* CCAnimation.m */,
				D2D0AE7015AF343A00518707 /* CCAnimationCache.h */,
				D2D0AE7115AF343A00518707 /* CCAnimationCache.m */,
				D2D0AE7315AF343A00518707 /* CCAtlasNode.h */,
				D2D0AE7415AF343A00518707 /* CCAtlasNode.m */,
				D2D0AE7615AF343A00518707 /* CCBlockSupport.h */,
				D2D0AE7715AF343A00518707 /* CCBlockSupport.m */,
				D2D0AE7915AF343A00518707 /* CCCamera.h */,
				D2D0AE7A15AF343A00518707 /* CCCamera.m */,
				D2D0AE7C15AF343A00518707 /* ccConfig.h */,
				D2D0AE7D15AF343A00518707 /* CCConfiguration.h */,
				D2D0AE7E15AF343A00518707 /* CCConfiguration.m */,
				D2D0AE8015AF343A00518707 /* CCDirector.h */,
				D2D0AE8115AF343A00518707 /* CCDirector.m */,
				D2D0AE8315AF343A00518707 /* CCDrawingPrimitives.h */,
				D2D0AE8415AF343A00518707 /* CCDrawingPrimitives.m */,
				D2D0AE8615AF343A00518707 /* CCGrabber.h */,
				D2D0AE8715AF343A00518707 /* CCGrabber.m */,
				D2D0AE8915AF343A00518707 /* CCGrid.h */,
				D2D0AE8A15AF343A00518707 /* CCGrid.m */,
				D2D0AE8C15AF343A00518707 /* CCLabelAtlas.h */,
				D2D0AE8D15AF343A00518707 /* CCLabelAtlas.m */,
				D2D0AE8F15AF343A00518707 /* CCLabelBMFont.h */,
				D2D0AE9015AF343A00518707 /* CCLabelBMFont.m */,
				D2D0AE9215AF343A00518707 /* CCLabelTTF.h */,
				D2D0AE9315AF343A00518707 /* CCLabelTTF.m */,
				D2D0AE9515AF343A00518707 /* CCLayer.h */,
				D2D0AE9615AF343A00518707 /* CCLayer.m */,
				D2D0AE9815AF343A00518707 /* ccMacros.h */,
				D2D0AE9915AF343A00518707 /* CCMenu.h */,
				D2D0AE9A15AF343A00518707 /* CCMenu.m */,
				D2D0AE9C15AF343A00518707 /* CCMenuItem.h */,
				D2D0AE9D15AF343A00518707 /* CCMenuItem.m */,
				D2D0AE9F15AF343A00518707 /* CCMotionStreak.h */,
				D2D0AEA015AF343A00518707 /* CCMotionStreak.m */,
				D2D0AEA215AF343A00518707 /* CCNode.h */,
				D2D0AEA315AF343A00518707 /* CCNode.m */,
				D2D0AEA515AF343A00518707 /* CCParallaxNode.h */,
				D2D0AEA615AF343A00518707 /* CCParallaxNode.m */,
				D2D0AEA815AF343A00518707 /* CCParticleExamples.h */,
				D2D0AEA915AF343A00518707 /* CCParticleExamples.m */,
				D2D0AEAB15AF343A00518707 /* CCParticleSystem.h */,
				D2D0AEAC15AF343A00518707 /* CCParticleSystem.m */,
				D2D0AEAE15AF343A00518707 /* CCParticleSystemPoint.h */,
				D2D0AEAF15AF343A00518707 /* CCParticleSystemPoint.m */,
				D2D0AEB115AF343A00518707 /* CCParticleSystemQuad.h */,
				D2D0AEB215AF343A00518707 /* CCParticleSystemQuad.m */,
				D2D0AEB415AF343A00518707 /* CCProgressTimer.h */,
				D2D0AEB515AF343A00518707 /* CCProgressTimer.m */,
				D2D0AEB715AF343A00518707 /* CCProtocols.h */,
				D2D0AEB815AF343A00518707 /* CCRenderTexture.h */,
				D2D0AEB915AF343A00518707 /* CCRenderTexture.m */,
				D2D0AEBB15AF343A00518707 /* CCRibbon.h */,
				D2D0AEBC15AF343A00518707 /* CCRibbon.m */,
				D2D0AEBE15AF343A00518707 /* CCScene.h */,
				D2D0AEBF15AF343A00518707 /* CCScene.m */,
				D2D0AEC115AF343B00518707 /* CCScheduler.h */,
				D2D0AEC215AF343B00518707 /* CCScheduler.m */,
				D2D0AEC415AF343B00518707 /* CCSprite.h */,
				D2D0AEC515AF343B00518707 /* CCSprite.m */,
				D2D0AEC715AF343B00518707 /* CCSpriteBatchNode.h */,
				D2D0AEC815AF343B00518707 /* CCSpriteBatchNode.m */,
				D2D0AECA15AF343B00518707 /* CCSpriteFrame.h */,
				D2D0AECB15AF343B00518707 /* CCSpriteFrame.m */,
				D2D0AECD15AF343B00518707 /* CCSpriteFrameCache.h */,
				D2D0AECE15AF343B00518707 /* CCSpriteFrameCache.m */,
				D2D0AED015AF343B00518707 /* CCTexture2D.h */,
				D2D0AED115AF343B00518707 /* CCTexture2D.m */,
				D2D0AED315AF343B00518707 /* CCTextureAtlas.h */,
				D2D0AED415AF343B00518707 /* CCTextureAtlas.m */,
				D2D0AED615AF343B00518707 /* CCTextureCache.h */,
				D2D0AED715AF343B00518707 /* CCTextureCache.m */,
				D2D0AED915AF343B00518707 /* CCTexturePVR.h */,
				D2D0AEDA15AF343B00518707 /* CCTexturePVR.m */,
				D2D0AEDC15AF343B00518707 /* CCTileMapAtlas.h */,
				D2D0AEDD15AF343B00518707 /* CCTileMapAtlas.m */,
				D2D0AEDF15AF343B00518707 /* CCTMXLayer.h */,
				D2D0AEE015AF343B00518707 /* CCTMXLayer.m */,
				D2D0AEE215AF343B00518707 /* CCTMXObjectGroup.h */,
				D2D0AEE315AF343B00518707 /* CCTMXObjectGroup.m */,
				D2D0AEE515AF343B00518707 /* CCTMXTiledMap.h */,
				D2D0AEE615AF343B00518707 /* CCTMXTiledMap.m */,
				D2D0AEE815AF343B00518707 /* CCTMXXMLParser.h */,
				D2D0AEE915AF343B00518707 /* CCTMXXMLParser.m */,
				D2D0AEEB15AF343B00518707 /* CCTransition.h */,
				D2D0AEEC15AF343B00518707 /* CCTransition.m */,
				D2D0AEEE15AF343B00518707 /* CCTransitionPageTurn.h */,
				D2D0AEEF15AF343B00518707 /* CCTransitionPageTurn.m */,
				D2D0AEF115AF343B00518707 /* CCTransitionRadial.h */,
				D2D0AEF215AF343B00518707 /* CCTransitionRadial.m */,
				D2D0AEF415AF343B00518707 /* ccTypes.h */,
				D2D0AEF515AF343B00518707 /* cocos2d.h */,
				D2D0AEF615AF343B00518707 /* cocos2d.m */,
				D2D0AEF815AF343B00518707 /* Platforms */,
				D2D0AF1D15AF343B00518707 /* Support */,
			);
			name = cocos2d;
			sourceTree = "<group>";
		};
		D2D0AEF815AF343B00518707 /* Platforms */ = {
			isa = PBXGroup;
			children = (
				D2D0AEF915AF343B00518707 /* CCGL.h */,
				D2D0AEFA15AF343B00518707 /* CCNS.h */,
				D2D0AEFB15AF343B00518707 /* iOS */,
				D2D0AF1015AF343B00518707 /* Mac */,
			);
			name = Platforms;
			sourceTree = "<group>";
		};
		D2D0AEFB15AF343B00518707 /* iOS */ = {
			isa = PBXGroup;
			children = (
				D2D0AEFC15AF343B00518707 /* CCDirectorIOS.h */,
				D2D0AEFD15AF343B00518707 /* CCDirectorIOS.m */,
				D2D0AEFF15AF343B00518707 /* CCTouchDelegateProtocol.h */,
				D2D0AF0015AF343B00518707 /* CCTouchDispatcher.h */,
				D2D0AF0115AF343B00518707 /* CCTouchDispatcher.m */,
				D2D0AF0315AF343B00518707 /* CCTouchHandler.h */,
				D2D0AF0415AF343B00518707 /* CCTouchHandler.m */,
				D2D0AF0615AF343B00518707 /* EAGLView.h */,
				D2D0AF0715AF343B00518707 /* EAGLView.m */,
				D2D0AF0915AF343B00518707 /* ES1Renderer.h */,
				D2D0AF0A15AF343B00518707 /* ES1Renderer.m */,
				D2D0AF0C15AF343B00518707 /* ESRenderer.h */,
				D2D0AF0D15AF343B00518707 /* glu.c */,
				D2D0AF0F15AF343B00518707 /* glu.h */,
			);
			name = iOS;
			sourceTree = "<group>";
		};
		D2D0AF1015AF343B00518707 /* Mac */ = {
			isa = PBXGroup;
			children = (
				D2D0AF1115AF343B00518707 /* CCDirectorMac.h */,
				D2D0AF1215AF343B00518707 /* CCDirectorMac.m */,
				D2D0AF1415AF343B00518707 /* CCEventDispatcher.h */,
				D2D0AF1515AF343B00518707 /* CCEventDispatcher.m */,
				D2D0AF1715AF343B00518707 /* MacGLView.h */,
				D2D0AF1815AF343B00518707 /* MacGLView.m */,
				D2D0AF1A15AF343B00518707 /* MacWindow.h */,
				D2D0AF1B15AF343B00518707 /* MacWindow.m */,
			);
			name = Mac;
			sourceTree = "<group>";
		};
		D2D0AF1D15AF343B00518707 /* Support */ = {
			isa = PBXGroup;
			children = (
				D2D0AF1E15AF343B00518707 /* base64.c */,
				D2D0AF2015AF343B00518707 /* base64.h */,
				D2D0AF2115AF343B00518707 /* CCArray.h */,
				D2D0AF2215AF343B00518707 /* CCArray.m */,
				D2D0AF2415AF343B00518707 /* ccCArray.h */,
				D2D0AF2515AF343B00518707 /* CCFileUtils.h */,
				D2D0AF2615AF343B00518707 /* CCFileUtils.m */,
				D2D0AF2815AF343B00518707 /* CCProfiling.h */,
				D2D0AF2915AF343B00518707 /* CCProfiling.m */,
				D2D0AF2B15AF343B00518707 /* ccUtils.c */,
				D2D0AF2D15AF343B00518707 /* ccUtils.h */,
				D2D0AF2E15AF343B00518707 /* CGPointExtension.h */,
				D2D0AF2F15AF343B00518707 /* CGPointExtension.m */,
				D2D0AF3115AF343B00518707 /* OpenGL_Internal.h */,
				D2D0AF3215AF343B00518707 /* TGAlib.h */,
				D2D0AF3315AF343B00518707 /* TGAlib.m */,
				D2D0AF3515AF343B00518707 /* TransformUtils.h */,
				D2D0AF3615AF343B00518707 /* TransformUtils.m */,
				D2D0AF3815AF343B00518707 /* uthash.h */,
				D2D0AF3915AF343B00518707 /* utlist.h */,
				D2D0AF3A15AF343B00518707 /* ZipUtils.h */,
				D2D0AF3B15AF343B00518707 /* ZipUtils.m */,
			);
			name = Support;
			sourceTree = "<group>";
		};
		D2D0AF3E15AF343B00518707 /* CocosDenshion */ = {
			isa = PBXGroup;
			children = (
				D2D0AF3F15AF343B00518707 /* CDAudioManager.h */,
				D2D0AF4015AF343B00518707 /* CDAudioManager.m */,
				D2D0AF4215AF343B00518707 /* CDConfig.h */,
				D2D0AF4315AF343B00518707 /* CDOpenALSupport.h */,
				D2D0AF4415AF343B00518707 /* CDOpenALSupport.m */,
				D2D0AF4615AF343B00518707 /* CocosDenshion.h */,
				D2D0AF4715AF343B00518707 /* CocosDenshion.m */,
				D2D0AF4915AF343B00518707 /* SimpleAudioEngine.h */,
				D2D0AF4A15AF343B00518707 /* SimpleAudioEngine.m */,
			);
			name = CocosDenshion;
			sourceTree = "<group>";
		};
		D2D0AF4D15AF343B00518707 /* cocoslive */ = {
			isa = PBXGroup;
			children = (
				D2D0AF4E15AF343B00518707 /* CLScoreServerPost.h */,
				D2D0AF4F15AF343B00518707 /* CLScoreServerPost.m */,
				D2D0AF5115AF343B00518707 /* CLScoreServerRequest.h */,
				D2D0AF5215AF343B00518707 /* CLScoreServerRequest.m */,
				D2D0AF5415AF343B00518707 /* cocoslive.h */,
				D2D0AF5515AF343B00518707 /* cocoslive.m */,
			);
			name = cocoslive;
			sourceTree = "<group>";
		};
		D2D0AF5815AF343B00518707 /* TouchJSON */ = {
			isa = PBXGroup;
			children = (
				D2D0AF5915AF343B00518707 /* CDataScanner.h */,
				D2D0AF5A15AF343B00518707 /* CDataScanner.m */,
				D2D0AF5C15AF343B00518707 /* Extensions */,
				D2D0AF6315AF343C00518707 /* JSON */,
			);
			name = TouchJSON;
			sourceTree = "<group>";
		};
		D2D0AF5C15AF343B00518707 /* Extensions */ = {
			isa = PBXGroup;
			children = (
				D2D0AF5D15AF343C00518707 /* CDataScanner_Extensions.h */,
				D2D0AF5E15AF343C00518707 /* CDataScanner_Extensions.m */,
				D2D0AF6015AF343C00518707 /* NSDictionary_JSONExtensions.h */,
				D2D0AF6115AF343C00518707 /* NSDictionary_JSONExtensions.m */,
			);
			name = Extensions;
			sourceTree = "<group>";
		};
		D2D0AF6315AF343C00518707 /* JSON */ = {
			isa = PBXGroup;
			children = (
				D2D0AF6415AF343C00518707 /* CJSONDeserializer.h */,
				D2D0AF6515AF343C00518707 /* CJSONDeserializer.m */,
				D2D0AF6715AF343C00518707 /* CJSONScanner.h */,
				D2D0AF6815AF343C00518707 /* CJSONScanner.m */,
				D2D0AF6A15AF343C00518707 /* CJSONSerializer.h */,
				D2D0AF6B15AF343C00518707 /* CJSONSerializer.m */,
				D2D0AF6D15AF343C00518707 /* JSONRepresentation.h */,
			);
			name = JSON;
			sourceTree = "<group>";
		};
		D2D0AF6E15AF343C00518707 /* FontLabel */ = {
			isa = PBXGroup;
			children = (
				D2D0AF6F15AF343C00518707 /* FontLabel.h */,
				D2D0AF7015AF343C00518707 /* FontLabel.m */,
				D2D0AF7215AF343C00518707 /* FontLabelStringDrawing.h */,
				D2D0AF7315AF343C00518707 /* FontLabelStringDrawing.m */,
				D2D0AF7515AF343C00518707 /* FontManager.h */,
				D2D0AF7615AF343C00518707 /* FontManager.m */,
				D2D0AF7815AF343C00518707 /* ZAttributedString.h */,
				D2D0AF7915AF343C00518707 /* ZAttributedString.m */,
				D2D0AF7B15AF343C00518707 /* ZAttributedStringPrivate.h */,
				D2D0AF7C15AF343C00518707 /* ZFont.h */,
				D2D0AF7D15AF343C00518707 /* ZFont.m */,
			);
			name = FontLabel;
			sourceTree = "<group>";
		};
		D2D0AF8015AF343C00518707 /* Supporting Files */ = {
			isa = PBXGroup;
			children = (
				D2D0AF8115AF343C00518707 /* Prefix.pch */,
				D2D0AF8215AF343C00518707 /* main.m */,
			);
			name = "Supporting Files";
			sourceTree = "<group>";
		};
/* End PBXGroup section */

/* Begin PBXNativeTarget section */
		D2D0AE1D15AF343A00518707 /* Halo:Wales */ = {
			isa = PBXNativeTarget;
			buildConfigurationList = D2D0AF9015AF343C00518707 /* Build configuration list for PBXNativeTarget "Halo:Wales" */;
			buildPhases = (
				D2D0AE1A15AF343A00518707 /* Sources */,
				D2D0AE1B15AF343A00518707 /* Frameworks */,
				D2D0AE1C15AF343A00518707 /* Resources */,
			);
			buildRules = (
			);
			dependencies = (
			);
			name = "Halo:Wales";
			productName = "Halo:Wales";
			productReference = D2D0AE1E15AF343A00518707 /* Halo:Wales.app */;
			productType = "com.apple.product-type.application";
		};
/* End PBXNativeTarget section */

/* Begin PBXProject section */
		D2D0AE1515AF343900518707 /* Project object */ = {
			isa = PBXProject;
			attributes = {
				LastUpgradeCheck = 0430;
			};
			buildConfigurationList = D2D0AE1815AF343900518707 /* Build configuration list for PBXProject "Halo:Wales" */;
			compatibilityVersion = "Xcode 3.2";
			developmentRegion = English;
			hasScannedForEncodings = 0;
			knownRegions = (
				en,
			);
			mainGroup = D2D0AE1315AF343900518707;
			productRefGroup = D2D0AE1F15AF343A00518707 /* Products */;
			projectDirPath = "";
			projectRoot = "";
			targets = (
				D2D0AE1D15AF343A00518707 /* Halo:Wales */,
			);
		};
/* End PBXProject section */

/* Begin PBXResourcesBuildPhase section */
		D2D0AE1C15AF343A00518707 /* Resources */ = {
			isa = PBXResourcesBuildPhase;
			buildActionMask = 2147483647;
			files = (
				D2D0AE3515AF343A00518707 /* Default.png in Resources */,
				D2D0AE3715AF343A00518707 /* fps_images.png in Resources */,
				D2D0AE3915AF343A00518707 /* Icon-72.png in Resources */,
				D2D0AE3B15AF343A00518707 /* Icon-Small-50.png in Resources */,
				D2D0AE3D15AF343A00518707 /* Icon-Small.png in Resources */,
				D2D0AE3F15AF343A00518707 /* Icon-Small@2x.png in Resources */,
				D2D0AE4115AF343A00518707 /* Icon.png in Resources */,
				D2D0AE4315AF343A00518707 /* Icon@2x.png in Resources */,
				D2D0AE4615AF343A00518707 /* iTunesArtwork in Resources */,
				3726214415AF6829009997CC /* halo.plist in Resources */,
				3726214515AF6829009997CC /* halo.png in Resources */,
				D278CB6B15AFA3FC00EDF62D /* halo.mid in Resources */,
				D278CB7015AFA59000EDF62D /* bubble-shield.mp3 in Resources */,
				D278CB7215AFA6A600EDF62D /* 24929.mp3 in Resources */,
			);
			runOnlyForDeploymentPostprocessing = 0;
		};
/* End PBXResourcesBuildPhase section */

/* Begin PBXSourcesBuildPhase section */
		D2D0AE1A15AF343A00518707 /* Sources */ = {
			isa = PBXSourcesBuildPhase;
			buildActionMask = 2147483647;
			files = (
				D2D0AE4B15AF343A00518707 /* CCAction.m in Sources */,
				D2D0AE4E15AF343A00518707 /* CCActionCamera.m in Sources */,
				D2D0AE5115AF343A00518707 /* CCActionEase.m in Sources */,
				D2D0AE5415AF343A00518707 /* CCActionGrid.m in Sources */,
				D2D0AE5715AF343A00518707 /* CCActionGrid3D.m in Sources */,
				D2D0AE5A15AF343A00518707 /* CCActionInstant.m in Sources */,
				D2D0AE5D15AF343A00518707 /* CCActionInterval.m in Sources */,
				D2D0AE6015AF343A00518707 /* CCActionManager.m in Sources */,
				D2D0AE6315AF343A00518707 /* CCActionPageTurn3D.m in Sources */,
				D2D0AE6615AF343A00518707 /* CCActionProgressTimer.m in Sources */,
				D2D0AE6915AF343A00518707 /* CCActionTiledGrid.m in Sources */,
				D2D0AE6C15AF343A00518707 /* CCActionTween.m in Sources */,
				D2D0AE6F15AF343A00518707 /* CCAnimation.m in Sources */,
				D2D0AE7215AF343A00518707 /* CCAnimationCache.m in Sources */,
				D2D0AE7515AF343A00518707 /* CCAtlasNode.m in Sources */,
				D2D0AE7815AF343A00518707 /* CCBlockSupport.m in Sources */,
				D2D0AE7B15AF343A00518707 /* CCCamera.m in Sources */,
				D2D0AE7F15AF343A00518707 /* CCConfiguration.m in Sources */,
				D2D0AE8215AF343A00518707 /* CCDirector.m in Sources */,
				D2D0AE8515AF343A00518707 /* CCDrawingPrimitives.m in Sources */,
				D2D0AE8815AF343A00518707 /* CCGrabber.m in Sources */,
				D2D0AE8B15AF343A00518707 /* CCGrid.m in Sources */,
				D2D0AE8E15AF343A00518707 /* CCLabelAtlas.m in Sources */,
				D2D0AE9115AF343A00518707 /* CCLabelBMFont.m in Sources */,
				D2D0AE9415AF343A00518707 /* CCLabelTTF.m in Sources */,
				D2D0AE9715AF343A00518707 /* CCLayer.m in Sources */,
				D2D0AE9B15AF343A00518707 /* CCMenu.m in Sources */,
				D2D0AE9E15AF343A00518707 /* CCMenuItem.m in Sources */,
				D2D0AEA115AF343A00518707 /* CCMotionStreak.m in Sources */,
				D2D0AEA415AF343A00518707 /* CCNode.m in Sources */,
				D2D0AEA715AF343A00518707 /* CCParallaxNode.m in Sources */,
				D2D0AEAA15AF343A00518707 /* CCParticleExamples.m in Sources */,
				D2D0AEAD15AF343A00518707 /* CCParticleSystem.m in Sources */,
				D2D0AEB015AF343A00518707 /* CCParticleSystemPoint.m in Sources */,
				D2D0AEB315AF343A00518707 /* CCParticleSystemQuad.m in Sources */,
				D2D0AEB615AF343A00518707 /* CCProgressTimer.m in Sources */,
				D2D0AEBA15AF343A00518707 /* CCRenderTexture.m in Sources */,
				D2D0AEBD15AF343A00518707 /* CCRibbon.m in Sources */,
				D2D0AEC015AF343A00518707 /* CCScene.m in Sources */,
				D2D0AEC315AF343B00518707 /* CCScheduler.m in Sources */,
				D2D0AEC615AF343B00518707 /* CCSprite.m in Sources */,
				D2D0AEC915AF343B00518707 /* CCSpriteBatchNode.m in Sources */,
				D2D0AECC15AF343B00518707 /* CCSpriteFrame.m in Sources */,
				D2D0AECF15AF343B00518707 /* CCSpriteFrameCache.m in Sources */,
				D2D0AED215AF343B00518707 /* CCTexture2D.m in Sources */,
				D2D0AED515AF343B00518707 /* CCTextureAtlas.m in Sources */,
				D2D0AED815AF343B00518707 /* CCTextureCache.m in Sources */,
				D2D0AEDB15AF343B00518707 /* CCTexturePVR.m in Sources */,
				D2D0AEDE15AF343B00518707 /* CCTileMapAtlas.m in Sources */,
				D2D0AEE115AF343B00518707 /* CCTMXLayer.m in Sources */,
				D2D0AEE415AF343B00518707 /* CCTMXObjectGroup.m in Sources */,
				D2D0AEE715AF343B00518707 /* CCTMXTiledMap.m in Sources */,
				D2D0AEEA15AF343B00518707 /* CCTMXXMLParser.m in Sources */,
				D2D0AEED15AF343B00518707 /* CCTransition.m in Sources */,
				D2D0AEF015AF343B00518707 /* CCTransitionPageTurn.m in Sources */,
				D2D0AEF315AF343B00518707 /* CCTransitionRadial.m in Sources */,
				D2D0AEF715AF343B00518707 /* cocos2d.m in Sources */,
				D2D0AEFE15AF343B00518707 /* CCDirectorIOS.m in Sources */,
				D2D0AF0215AF343B00518707 /* CCTouchDispatcher.m in Sources */,
				D2D0AF0515AF343B00518707 /* CCTouchHandler.m in Sources */,
				D2D0AF0815AF343B00518707 /* EAGLView.m in Sources */,
				D2D0AF0B15AF343B00518707 /* ES1Renderer.m in Sources */,
				D2D0AF0E15AF343B00518707 /* glu.c in Sources */,
				D2D0AF1315AF343B00518707 /* CCDirectorMac.m in Sources */,
				D2D0AF1615AF343B00518707 /* CCEventDispatcher.m in Sources */,
				D2D0AF1915AF343B00518707 /* MacGLView.m in Sources */,
				D2D0AF1C15AF343B00518707 /* MacWindow.m in Sources */,
				D2D0AF1F15AF343B00518707 /* base64.c in Sources */,
				D2D0AF2315AF343B00518707 /* CCArray.m in Sources */,
				D2D0AF2715AF343B00518707 /* CCFileUtils.m in Sources */,
				D2D0AF2A15AF343B00518707 /* CCProfiling.m in Sources */,
				D2D0AF2C15AF343B00518707 /* ccUtils.c in Sources */,
				D2D0AF3015AF343B00518707 /* CGPointExtension.m in Sources */,
				D2D0AF3415AF343B00518707 /* TGAlib.m in Sources */,
				D2D0AF3715AF343B00518707 /* TransformUtils.m in Sources */,
				D2D0AF3C15AF343B00518707 /* ZipUtils.m in Sources */,
				D2D0AF4115AF343B00518707 /* CDAudioManager.m in Sources */,
				D2D0AF4515AF343B00518707 /* CDOpenALSupport.m in Sources */,
				D2D0AF4815AF343B00518707 /* CocosDenshion.m in Sources */,
				D2D0AF4B15AF343B00518707 /* SimpleAudioEngine.m in Sources */,
				D2D0AF5015AF343B00518707 /* CLScoreServerPost.m in Sources */,
				D2D0AF5315AF343B00518707 /* CLScoreServerRequest.m in Sources */,
				D2D0AF5615AF343B00518707 /* cocoslive.m in Sources */,
				D2D0AF5B15AF343B00518707 /* CDataScanner.m in Sources */,
				D2D0AF5F15AF343C00518707 /* CDataScanner_Extensions.m in Sources */,
				D2D0AF6215AF343C00518707 /* NSDictionary_JSONExtensions.m in Sources */,
				D2D0AF6615AF343C00518707 /* CJSONDeserializer.m in Sources */,
				D2D0AF6915AF343C00518707 /* CJSONScanner.m in Sources */,
				D2D0AF6C15AF343C00518707 /* CJSONSerializer.m in Sources */,
				D2D0AF7115AF343C00518707 /* FontLabel.m in Sources */,
				D2D0AF7415AF343C00518707 /* FontLabelStringDrawing.m in Sources */,
				D2D0AF7715AF343C00518707 /* FontManager.m in Sources */,
				D2D0AF7A15AF343C00518707 /* ZAttributedString.m in Sources */,
				D2D0AF7E15AF343C00518707 /* ZFont.m in Sources */,
				D2D0AF8315AF343C00518707 /* main.m in Sources */,
				D2D0AF8615AF343C00518707 /* AppDelegate.m in Sources */,
				D2D0AF8915AF343C00518707 /* RootViewController.m in Sources */,
				D2D0AF8C15AF343C00518707 /* HelloWorldLayer.m in Sources */,
				376F094B15AF4213001739BD /* MasterChief.m in Sources */,
				376F094E15AF42BB001739BD /* GameObject.m in Sources */,
				3726215A15AF87CA009997CC /* Sheep.m in Sources */,
				D278CB7515AFAAAD00EDF62D /* BubbleShield.m in Sources */,
			);
			runOnlyForDeploymentPostprocessing = 0;
		};
/* End PBXSourcesBuildPhase section */

/* Begin XCBuildConfiguration section */
		D2D0AF8E15AF343C00518707 /* Debug */ = {
			isa = XCBuildConfiguration;
			buildSettings = {
				ARCHS = "$(ARCHS_STANDARD_32_BIT)";
				"CODE_SIGN_IDENTITY[sdk=iphoneos*]" = "iPhone Developer";
				GCC_C_LANGUAGE_STANDARD = gnu99;
				GCC_OPTIMIZATION_LEVEL = 0;
				GCC_PREPROCESSOR_DEFINITIONS = (
					DEBUG,
					"COCOS2D_DEBUG=1",
				);
				GCC_SYMBOLS_PRIVATE_EXTERN = NO;
				GCC_VERSION = "";
				GCC_WARN_ABOUT_RETURN_TYPE = YES;
				GCC_WARN_UNUSED_VARIABLE = YES;
				IPHONEOS_DEPLOYMENT_TARGET = 5.1;
				SDKROOT = iphoneos;
			};
			name = Debug;
		};
		D2D0AF8F15AF343C00518707 /* Release */ = {
			isa = XCBuildConfiguration;
			buildSettings = {
				ARCHS = "$(ARCHS_STANDARD_32_BIT)";
				"CODE_SIGN_IDENTITY[sdk=iphoneos*]" = "iPhone Developer";
				GCC_C_LANGUAGE_STANDARD = gnu99;
				GCC_PREPROCESSOR_DEFINITIONS = NDEBUG;
				GCC_VERSION = "";
				GCC_WARN_ABOUT_RETURN_TYPE = YES;
				GCC_WARN_UNUSED_VARIABLE = YES;
				IPHONEOS_DEPLOYMENT_TARGET = 5.1;
				OTHER_CFLAGS = "-DNS_BLOCK_ASSERTIONS=1";
				SDKROOT = iphoneos;
			};
			name = Release;
		};
		D2D0AF9115AF343C00518707 /* Debug */ = {
			isa = XCBuildConfiguration;
			buildSettings = {
				ALWAYS_SEARCH_USER_PATHS = NO;
				COPY_PHASE_STRIP = NO;
				GCC_DYNAMIC_NO_PIC = NO;
				GCC_PRECOMPILE_PREFIX_HEADER = YES;
				GCC_PREFIX_HEADER = "Halo:Wales/Prefix.pch";
				"GCC_THUMB_SUPPORT[arch=armv6]" = "";
				GCC_VERSION = "";
				INFOPLIST_FILE = "Halo:Wales/Resources/Info.plist";
				OTHER_LDFLAGS = "-lz";
				PRODUCT_NAME = "$(TARGET_NAME)";
				WRAPPER_EXTENSION = app;
			};
			name = Debug;
		};
		D2D0AF9215AF343C00518707 /* Release */ = {
			isa = XCBuildConfiguration;
			buildSettings = {
				ALWAYS_SEARCH_USER_PATHS = NO;
				COPY_PHASE_STRIP = YES;
				GCC_PRECOMPILE_PREFIX_HEADER = YES;
				GCC_PREFIX_HEADER = "Halo:Wales/Prefix.pch";
				"GCC_THUMB_SUPPORT[arch=armv6]" = "";
				GCC_VERSION = "";
				INFOPLIST_FILE = "Halo:Wales/Resources/Info.plist";
				OTHER_LDFLAGS = "-lz";
				PRODUCT_NAME = "$(TARGET_NAME)";
				VALIDATE_PRODUCT = YES;
				WRAPPER_EXTENSION = app;
			};
			name = Release;
		};
/* End XCBuildConfiguration section */

/* Begin XCConfigurationList section */
		D2D0AE1815AF343900518707 /* Build configuration list for PBXProject "Halo:Wales" */ = {
			isa = XCConfigurationList;
			buildConfigurations = (
				D2D0AF8E15AF343C00518707 /* Debug */,
				D2D0AF8F15AF343C00518707 /* Release */,
			);
			defaultConfigurationIsVisible = 0;
			defaultConfigurationName = Release;
		};
		D2D0AF9015AF343C00518707 /* Build configuration list for PBXNativeTarget "Halo:Wales" */ = {
			isa = XCConfigurationList;
			buildConfigurations = (
				D2D0AF9115AF343C00518707 /* Debug */,
				D2D0AF9215AF343C00518707 /* Release */,
			);
			defaultConfigurationIsVisible = 0;
			defaultConfigurationName = Release;
		};
/* End XCConfigurationList section */
	};
	rootObject = D2D0AE1515AF343900518707 /* Project object */;
}
